// !$*UTF8*$!
{
	archiveVersion = 1;
	classes = {
	};
	objectVersion = 56;
	objects = {

/* Begin PBXBuildFile section */
		B07526012F9B0C72008F9552 /* SavedPlan.swift in Sources */ = {isa = PBXBuildFile; fileRef = B07526002F9B0C72008F9552 /* SavedPlan.swift */; };
		B07526032F9B0C89008F9552 /* PlanListView.swift in Sources */ = {isa = PBXBuildFile; fileRef = B07526022F9B0C89008F9552 /* PlanListView.swift */; };
		B07526052F9B0C9F008F9552 /* CreatePlanView.swift in Sources */ = {isa = PBXBuildFile; fileRef = B07526042F9B0C9F008F9552 /* CreatePlanView.swift */; };
		B07526072F9B0CB4008F9552 /* SavedPlanView.swift in Sources */ = {isa = PBXBuildFile; fileRef = B07526062F9B0CB4008F9552 /* SavedPlanView.swift */; };
		B07526092F9B0CD2008F9552 /* PDFExporter.swift in Sources */ = {isa = PBXBuildFile; fileRef = B07526082F9B0CD2008F9552 /* PDFExporter.swift */; };
		B075260B2F9B0CE6008F9552 /* ICSexporter.swift in Sources */ = {isa = PBXBuildFile; fileRef = B075260A2F9B0CE6008F9552 /* ICSexporter.swift */; };
		B075260D2F9B1317008F9552 /* ScheduleSetupView.swift in Sources */ = {isa = PBXBuildFile; fileRef = B075260C2F9B1317008F9552 /* ScheduleSetupView.swift */; };
		B075260F2F9D9F2B008F9552 /* EditPlanView.swift in Sources */ = {isa = PBXBuildFile; fileRef = B075260E2F9D9F2B008F9552 /* EditPlanView.swift */; };
		B07526112F9DD78F008F9552 /* WeekDetailViewModel.swift in Sources */ = {isa = PBXBuildFile; fileRef = B07526102F9DD78F008F9552 /* WeekDetailViewModel.swift */; };
		B07526152F9E6FF5008F9552 /* TodayView.swift in Sources */ = {isa = PBXBuildFile; fileRef = B07526142F9E6FF4008F9552 /* TodayView.swift */; };
		B07526172F9EB5CB008F9552 /* WeeklyMileageChart.swift in Sources */ = {isa = PBXBuildFile; fileRef = B07526162F9EB5CB008F9552 /* WeeklyMileageChart.swift */; };
		B07526192F9EC44E008F9552 /* AppearanceManager.swift in Sources */ = {isa = PBXBuildFile; fileRef = B07526182F9EC44E008F9552 /* AppearanceManager.swift */; };
		487369C82B6AA0CE8FD82200 /* Typography.swift in Sources */ = {isa = PBXBuildFile; fileRef = 9CEE9B893E6AA861CA8D9416 /* Typography.swift */; };
		B075261B2F9EC478008F9552 /* SettingsView.swift in Sources */ = {isa = PBXBuildFile; fileRef = B075261A2F9EC478008F9552 /* SettingsView.swift */; };
		B08F59BC2FA1B9BB00BFFC53 /* NotificationsManager.swift in Sources */ = {isa = PBXBuildFile; fileRef = B08F59BB2FA1B9BB00BFFC53 /* NotificationsManager.swift */; };
		B08F59BE2FA1B9CD00BFFC53 /* NotificationsSettingsView.swift in Sources */ = {isa = PBXBuildFile; fileRef = B08F59BD2FA1B9CD00BFFC53 /* NotificationsSettingsView.swift */; };
		B08F59C02FA1BDDD00BFFC53 /* PaceCalculatorView.swift in Sources */ = {isa = PBXBuildFile; fileRef = B08F59BF2FA1BDDD00BFFC53 /* PaceCalculatorView.swift */; };
		B08F59C42FA4695C00BFFC53 /* NoteEditorSheet.swift in Sources */ = {isa = PBXBuildFile; fileRef = B08F59C32FA4695C00BFFC53 /* NoteEditorSheet.swift */; };
		B08F59C62FA46ADB00BFFC53 /* RouteBuilderViewModel.swift in Sources */ = {isa = PBXBuildFile; fileRef = B08F59C52FA46ADB00BFFC53 /* RouteBuilderViewModel.swift */; };
		B08F59C82FA46AE800BFFC53 /* RouteMapView.swift in Sources */ = {isa = PBXBuildFile; fileRef = B08F59C72FA46AE800BFFC53 /* RouteMapView.swift */; };
		B08F59CA2FA46B0000BFFC53 /* RouteBuilderView.swift in Sources */ = {isa = PBXBuildFile; fileRef = B08F59C92FA46B0000BFFC53 /* RouteBuilderView.swift */; };
		B08F59CD2FA5659F00BFFC53 /* ElevationService.swift in Sources */ = {isa = PBXBuildFile; fileRef = B08F59CC2FA5659F00BFFC53 /* ElevationService.swift */; };
		B08F59CF2FA565B400BFFC53 /* ElevationChartView.swift in Sources */ = {isa = PBXBuildFile; fileRef = B08F59CE2FA565B400BFFC53 /* ElevationChartView.swift */; };
		B08F59D12FA565C000BFFC53 /* ElevationSheetView.swift in Sources */ = {isa = PBXBuildFile; fileRef = B08F59D02FA565C000BFFC53 /* ElevationSheetView.swift */; };
		B08F59D32FA5B74300BFFC53 /* MapLayerConfig.swift in Sources */ = {isa = PBXBuildFile; fileRef = B08F59D22FA5B74300BFFC53 /* MapLayerConfig.swift */; };
		B08F59D52FA5B77500BFFC53 /* MapControlsView.swift in Sources */ = {isa = PBXBuildFile; fileRef = B08F59D42FA5B77500BFFC53 /* MapControlsView.swift */; };
		B08F59D72FA5BB9700BFFC53 /* SavedRouteStore.swift in Sources */ = {isa = PBXBuildFile; fileRef = B08F59D62FA5BB9700BFFC53 /* SavedRouteStore.swift */; };
		B08F59D92FA5BBB100BFFC53 /* RouteSnapshotGenerator.swift in Sources */ = {isa = PBXBuildFile; fileRef = B08F59D82FA5BBB100BFFC53 /* RouteSnapshotGenerator.swift */; };
		B08F59DB2FA5BBC400BFFC53 /* SavedRouteSheet.swift in Sources */ = {isa = PBXBuildFile; fileRef = B08F59DA2FA5BBC400BFFC53 /* SavedRouteSheet.swift */; };
		B08F59DD2FA5BBD600BFFC53 /* SavedRouteLibraryView.swift in Sources */ = {isa = PBXBuildFile; fileRef = B08F59DC2FA5BBD600BFFC53 /* SavedRouteLibraryView.swift */; };
		B08F59DF2FA6487A00BFFC53 /* NearbyAmenitiesService.swift in Sources */ = {isa = PBXBuildFile; fileRef = B08F59DE2FA6487A00BFFC53 /* NearbyAmenitiesService.swift */; };
		B08F5A1C2FA70E0700BFFC53 /* OnBoardingView.swift in Sources */ = {isa = PBXBuildFile; fileRef = B08F5A1B2FA70E0700BFFC53 /* OnBoardingView.swift */; };
		B08F5A1E2FA7F4F300BFFC53 /* DailyInsightEngine.swift in Sources */ = {isa = PBXBuildFile; fileRef = B08F5A1D2FA7F4F300BFFC53 /* DailyInsightEngine.swift */; };
		B08F5A202FA7F50E00BFFC53 /* DailyInsightCard.swift in Sources */ = {isa = PBXBuildFile; fileRef = B08F5A1F2FA7F50E00BFFC53 /* DailyInsightCard.swift */; };
		B08F5A222FA7F64600BFFC53 /* WorkoutCompletionView.swift in Sources */ = {isa = PBXBuildFile; fileRef = B08F5A212FA7F64600BFFC53 /* WorkoutCompletionView.swift */; };
		B08F5A242FAB067A00BFFC53 /* WeeklySummaryManager.swift in Sources */ = {isa = PBXBuildFile; fileRef = B08F5A232FAB067A00BFFC53 /* WeeklySummaryManager.swift */; };
		B08F5A262FAB069400BFFC53 /* WeeklySummaryView.swift in Sources */ = {isa = PBXBuildFile; fileRef = B08F5A252FAB069400BFFC53 /* WeeklySummaryView.swift */; };
		B08F5A282FAB0B4F00BFFC53 /* MilestoneOverlayView.swift in Sources */ = {isa = PBXBuildFile; fileRef = B08F5A272FAB0B4F00BFFC53 /* MilestoneOverlayView.swift */; };
		B08F5A2A2FAB0B6200BFFC53 /* MilestoneDetector.swift in Sources */ = {isa = PBXBuildFile; fileRef = B08F5A292FAB0B6200BFFC53 /* MilestoneDetector.swift */; };
		B08F5A3B2FB0000000BFFC53 /* PlanValidator.swift in Sources */ = {isa = PBXBuildFile; fileRef = B08F5A3A2FB0000000BFFC53 /* PlanValidator.swift */; };
		B08F5A3F2FB0000000BFFC53 /* PlanCorrector.swift in Sources */ = {isa = PBXBuildFile; fileRef = B08F5A3E2FB0000000BFFC53 /* PlanCorrector.swift */; };
		B08F5A412FB0000000BFFC53 /* PlanPhilosophyCard.swift in Sources */ = {isa = PBXBuildFile; fileRef = B08F5A402FB0000000BFFC53 /* PlanPhilosophyCard.swift */; };
		B08F5A3D2FB0000000BFFC53 /* PlanValidationView.swift in Sources */ = {isa = PBXBuildFile; fileRef = B08F5A3C2FB0000000BFFC53 /* PlanValidationView.swift */; };
		B08F5A2C2FAC281D00BFFC53 /* OffSeasonEngine.swift in Sources */ = {isa = PBXBuildFile; fileRef = B08F5A2B2FAC281D00BFFC53 /* OffSeasonEngine.swift */; };
		B08F5A2E2FAC283200BFFC53 /* OffSeasonCard.swift in Sources */ = {isa = PBXBuildFile; fileRef = B08F5A2D2FAC283200BFFC53 /* OffSeasonCard.swift */; };
		B08F5A302FAC31D400BFFC53 /* CreateplanCTAButton.swift in Sources */ = {isa = PBXBuildFile; fileRef = B08F5A2F2FAC31D400BFFC53 /* CreateplanCTAButton.swift */; };
		B08F5A322FAC456F00BFFC53 /* OffSeasonStore.swift in Sources */ = {isa = PBXBuildFile; fileRef = B08F5A312FAC456F00BFFC53 /* OffSeasonStore.swift */; };
		B08F5A342FADAD2E00BFFC53 /* WorkoutCompletionButton.swift in Sources */ = {isa = PBXBuildFile; fileRef = B08F5A332FADAD2E00BFFC53 /* WorkoutCompletionButton.swift */; };
		B08F5A362FADB36C00BFFC53 /* FirstHalfPlanGenerator.swift in Sources */ = {isa = PBXBuildFile; fileRef = B08F5A352FADB36C00BFFC53 /* FirstHalfPlanGenerator.swift */; };
		B08F5A382FAEFC8500BFFC53 /* TrainingPhaseEngine.swift in Sources */ = {isa = PBXBuildFile; fileRef = B08F5A372FAEFC8500BFFC53 /* TrainingPhaseEngine.swift */; };
		B08F5A3C2FAFF71600BFFC53 /* HidgonNoviceGenerator.swift in Sources */ = {isa = PBXBuildFile; fileRef = B08F5A3B2FAFF71600BFFC53 /* HidgonNoviceGenerator.swift */; };
		B08F5A3E2FAFF72700BFFC53 /* HigdonIntermediateGenerator.swift in Sources */ = {isa = PBXBuildFile; fileRef = B08F5A3D2FAFF72700BFFC53 /* HigdonIntermediateGenerator.swift */; };
		B08F5A442FB0492D00BFFC53 /* TrainingPhase.swift in Sources */ = {isa = PBXBuildFile; fileRef = B08F5A432FB0492D00BFFC53 /* TrainingPhase.swift */; };
		B08F5A462FB0DC6E00BFFC53 /* WorkoutCoachEngine.swift in Sources */ = {isa = PBXBuildFile; fileRef = B08F5A452FB0DC6E00BFFC53 /* WorkoutCoachEngine.swift */; };
		B08F5A482FB0DC7C00BFFC53 /* WorkoutCoachingCard.swift in Sources */ = {isa = PBXBuildFile; fileRef = B08F5A472FB0DC7C00BFFC53 /* WorkoutCoachingCard.swift */; };
		B08F5A4A2FB19B1A00BFFC53 /* HansonsMarathonGenerator.swift in Sources */ = {isa = PBXBuildFile; fileRef = B08F5A492FB19B1A00BFFC53 /* HansonsMarathonGenerator.swift */; };
		B08F5A4C2FB19B2C00BFFC53 /* PfitzMarathonGenerator.swift in Sources */ = {isa = PBXBuildFile; fileRef = B08F5A4B2FB19B2C00BFFC53 /* PfitzMarathonGenerator.swift */; };
		B08F5A4E2FB21ECE00BFFC53 /* MethodologyReadinessEngine.swift in Sources */ = {isa = PBXBuildFile; fileRef = B08F5A4D2FB21ECD00BFFC53 /* MethodologyReadinessEngine.swift */; };
		B08F5A502FB21EDB00BFFC53 /* MethodologyReadinessCard.swift in Sources */ = {isa = PBXBuildFile; fileRef = B08F5A4F2FB21EDB00BFFC53 /* MethodologyReadinessCard.swift */; };
		B08F5A522FB4228A00BFFC53 /* HigdonHalfNoviceGenerator.swift in Sources */ = {isa = PBXBuildFile; fileRef = B08F5A512FB4228A00BFFC53 /* HigdonHalfNoviceGenerator.swift */; };
		B08F5A542FB4229A00BFFC53 /* HigdonHalfIntermediateGenerator.swift in Sources */ = {isa = PBXBuildFile; fileRef = B08F5A532FB4229A00BFFC53 /* HigdonHalfIntermediateGenerator.swift */; };
		B08F5A562FB422A500BFFC53 /* HansonsHalfGenerator.swift in Sources */ = {isa = PBXBuildFile; fileRef = B08F5A552FB422A500BFFC53 /* HansonsHalfGenerator.swift */; };
		B0A62D7D2F9861A70093719D /* MarathonPlannerApp.swift in Sources */ = {isa = PBXBuildFile; fileRef = B0A62D7C2F9861A70093719D /* MarathonPlannerApp.swift */; };
		B0A62D7F2F9861A70093719D /* ContentView.swift in Sources */ = {isa = PBXBuildFile; fileRef = B0A62D7E2F9861A70093719D /* ContentView.swift */; };
		B0A62D812F9861AB0093719D /* Assets.xcassets in Resources */ = {isa = PBXBuildFile; fileRef = B0A62D802F9861AB0093719D /* Assets.xcassets */; };
		B0A62D842F9861AB0093719D /* Preview Assets.xcassets in Resources */ = {isa = PBXBuildFile; fileRef = B0A62D832F9861AB0093719D /* Preview Assets.xcassets */; };
		B0A62D8E2F9861AB0093719D /* MarathonPlannerTests.swift in Sources */ = {isa = PBXBuildFile; fileRef = B0A62D8D2F9861AB0093719D /* MarathonPlannerTests.swift */; };
		B0A62D982F9861AB0093719D /* MarathonPlannerUITests.swift in Sources */ = {isa = PBXBuildFile; fileRef = B0A62D972F9861AB0093719D /* MarathonPlannerUITests.swift */; };
		B0A62D9A2F9861AB0093719D /* MarathonPlannerUITestsLaunchTests.swift in Sources */ = {isa = PBXBuildFile; fileRef = B0A62D992F9861AB0093719D /* MarathonPlannerUITestsLaunchTests.swift */; };
		B0A62DA72F9862170093719D /* TrainingPlan.swift in Sources */ = {isa = PBXBuildFile; fileRef = B0A62DA62F9862170093719D /* TrainingPlan.swift */; };
		B0A62DA92F9862340093719D /* PlanGenerator.swift in Sources */ = {isa = PBXBuildFile; fileRef = B0A62DA82F9862340093719D /* PlanGenerator.swift */; };
		B0A62DAC2F98624D0093719D /* SetupView.swift in Sources */ = {isa = PBXBuildFile; fileRef = B0A62DAA2F9862490093719D /* SetupView.swift */; };
		B0A62DAE2F9862780093719D /* PacesView.swift in Sources */ = {isa = PBXBuildFile; fileRef = B0A62DAD2F9862780093719D /* PacesView.swift */; };
		B0A62DB02F9862890093719D /* PlanView.swift in Sources */ = {isa = PBXBuildFile; fileRef = B0A62DAF2F9862890093719D /* PlanView.swift */; };
		B0A62DB22F98629C0093719D /* WeekDetailView.swift in Sources */ = {isa = PBXBuildFile; fileRef = B0A62DB12F98629C0093719D /* WeekDetailView.swift */; };
		B0A62DB42F9862AD0093719D /* MinitabView.swift in Sources */ = {isa = PBXBuildFile; fileRef = B0A62DB32F9862AD0093719D /* MinitabView.swift */; };
		A1B2C3445566778899AA000D /* MileZeroWidgets.appex in Embed Foundation Extensions */ = {isa = PBXBuildFile; fileRef = A1B2C3445566778899AA0008 /* MileZeroWidgets.appex */; settings = {ATTRIBUTES = (RemoveHeadersOnCopy, ); }; };
		A1B2C3445566778899AA0020 /* Color+Hex.swift in Sources */ = {isa = PBXBuildFile; fileRef = A1B2C3445566778899AA000E /* Color+Hex.swift */; };
		A1B2C3445566778899AA0021 /* WidgetPlanSnapshot.swift in Sources */ = {isa = PBXBuildFile; fileRef = A1B2C3445566778899AA0010 /* WidgetPlanSnapshot.swift */; };
		A1B2C3445566778899AA0022 /* WidgetSnapshotBuilder.swift in Sources */ = {isa = PBXBuildFile; fileRef = A1B2C3445566778899AA0011 /* WidgetSnapshotBuilder.swift */; };
		A1B2C3445566778899AA0023 /* PlanStore+Widget.swift in Sources */ = {isa = PBXBuildFile; fileRef = A1B2C3445566778899AA0012 /* PlanStore+Widget.swift */; };
		A1B2C3445566778899AA002D /* WidgetKit.framework in Frameworks */ = {isa = PBXBuildFile; fileRef = A1B2C3445566778899AA002C /* WidgetKit.framework */; };
		A1B2C3445566778899AA0024 /* Color+Hex.swift in Sources */ = {isa = PBXBuildFile; fileRef = A1B2C3445566778899AA000E /* Color+Hex.swift */; };
		A1B2C3445566778899AA0025 /* WidgetPlanSnapshot.swift in Sources */ = {isa = PBXBuildFile; fileRef = A1B2C3445566778899AA0010 /* WidgetPlanSnapshot.swift */; };
		A1B2C3445566778899AA0026 /* TrainingPhase.swift in Sources */ = {isa = PBXBuildFile; fileRef = B08F5A432FB0492D00BFFC53 /* TrainingPhase.swift */; };
		A1B2C3445566778899AA0027 /* WidgetTimelineProvider.swift in Sources */ = {isa = PBXBuildFile; fileRef = A1B2C3445566778899AA0013 /* WidgetTimelineProvider.swift */; };
		A1B2C3445566778899AA0028 /* TodaySmallWidget.swift in Sources */ = {isa = PBXBuildFile; fileRef = A1B2C3445566778899AA0014 /* TodaySmallWidget.swift */; };
		A1B2C3445566778899AA0029 /* TodayMediumWidget.swift in Sources */ = {isa = PBXBuildFile; fileRef = A1B2C3445566778899AA0015 /* TodayMediumWidget.swift */; };
		A1B2C3445566778899AA002A /* LockScreenWidget.swift in Sources */ = {isa = PBXBuildFile; fileRef = A1B2C3445566778899AA0016 /* LockScreenWidget.swift */; };
		A1B2C3445566778899AA002B /* MileZeroWidgetBundle.swift in Sources */ = {isa = PBXBuildFile; fileRef = A1B2C3445566778899AA0017 /* MileZeroWidgetBundle.swift */; };
		A1B2C3445566778899AA002E /* WidgetKit.framework in Frameworks */ = {isa = PBXBuildFile; fileRef = A1B2C3445566778899AA002C /* WidgetKit.framework */; };
/* End PBXBuildFile section */

/* Begin PBXContainerItemProxy section */
		B0A62D8A2F9861AB0093719D /* PBXContainerItemProxy */ = {
			isa = PBXContainerItemProxy;
			containerPortal = B0A62D712F9861A70093719D /* Project object */;
			proxyType = 1;
			remoteGlobalIDString = B0A62D782F9861A70093719D;
			remoteInfo = MarathonPlanner;
		};
		B0A62D942F9861AB0093719D /* PBXContainerItemProxy */ = {
			isa = PBXContainerItemProxy;
			containerPortal = B0A62D712F9861A70093719D /* Project object */;
			proxyType = 1;
			remoteGlobalIDString = B0A62D782F9861A70093719D;
			remoteInfo = MarathonPlanner;
		};
		A1B2C3445566778899AA000C /* PBXContainerItemProxy */ = {
			isa = PBXContainerItemProxy;
			containerPortal = B0A62D712F9861A70093719D /* Project object */;
			proxyType = 1;
			remoteGlobalIDString = A1B2C3445566778899AA0001;
			remoteInfo = MileZeroWidgets;
		};
/* End PBXContainerItemProxy section */


/* Begin PBXCopyFilesBuildPhase section */
		A1B2C3445566778899AA000A /* Embed Foundation Extensions */ = {
			isa = PBXCopyFilesBuildPhase;
			buildActionMask = 2147483647;
			dstPath = "";
			dstSubfolderSpec = 13;
			files = (
				A1B2C3445566778899AA000D /* MileZeroWidgets.appex in Embed Foundation Extensions */,
			);
			name = "Embed Foundation Extensions";
			runOnlyForDeploymentPostprocessing = 0;
		};
/* End PBXCopyFilesBuildPhase section */

/* Begin PBXFileReference section */
		B07526002F9B0C72008F9552 /* SavedPlan.swift */ = {isa = PBXFileReference; lastKnownFileType = sourcecode.swift; path = SavedPlan.swift; sourceTree = "<group>"; };
		B07526022F9B0C89008F9552 /* PlanListView.swift */ = {isa = PBXFileReference; lastKnownFileType = sourcecode.swift; path = PlanListView.swift; sourceTree = "<group>"; };
		B07526042F9B0C9F008F9552 /* CreatePlanView.swift */ = {isa = PBXFileReference; lastKnownFileType = sourcecode.swift; path = CreatePlanView.swift; sourceTree = "<group>"; };
		B07526062F9B0CB4008F9552 /* SavedPlanView.swift */ = {isa = PBXFileReference; lastKnownFileType = sourcecode.swift; path = SavedPlanView.swift; sourceTree = "<group>"; };
		B07526082F9B0CD2008F9552 /* PDFExporter.swift */ = {isa = PBXFileReference; lastKnownFileType = sourcecode.swift; path = PDFExporter.swift; sourceTree = "<group>"; };
		B075260A2F9B0CE6008F9552 /* ICSexporter.swift */ = {isa = PBXFileReference; lastKnownFileType = sourcecode.swift; path = ICSexporter.swift; sourceTree = "<group>"; };
		B075260C2F9B1317008F9552 /* ScheduleSetupView.swift */ = {isa = PBXFileReference; lastKnownFileType = sourcecode.swift; path = ScheduleSetupView.swift; sourceTree = "<group>"; };
		B075260E2F9D9F2B008F9552 /* EditPlanView.swift */ = {isa = PBXFileReference; lastKnownFileType = sourcecode.swift; path = EditPlanView.swift; sourceTree = "<group>"; };
		B07526102F9DD78F008F9552 /* WeekDetailViewModel.swift */ = {isa = PBXFileReference; lastKnownFileType = sourcecode.swift; path = WeekDetailViewModel.swift; sourceTree = "<group>"; };
		B07526142F9E6FF4008F9552 /* TodayView.swift */ = {isa = PBXFileReference; lastKnownFileType = sourcecode.swift; path = TodayView.swift; sourceTree = "<group>"; };
		B07526162F9EB5CB008F9552 /* WeeklyMileageChart.swift */ = {isa = PBXFileReference; lastKnownFileType = sourcecode.swift; path = WeeklyMileageChart.swift; sourceTree = "<group>"; };
		B07526182F9EC44E008F9552 /* AppearanceManager.swift */ = {isa = PBXFileReference; lastKnownFileType = sourcecode.swift; path = AppearanceManager.swift; sourceTree = "<group>"; };
		9CEE9B893E6AA861CA8D9416 /* Typography.swift */ = {isa = PBXFileReference; lastKnownFileType = sourcecode.swift; path = Typography.swift; sourceTree = "<group>"; };
		B075261A2F9EC478008F9552 /* SettingsView.swift */ = {isa = PBXFileReference; lastKnownFileType = sourcecode.swift; path = SettingsView.swift; sourceTree = "<group>"; };
		B08F59BB2FA1B9BB00BFFC53 /* NotificationsManager.swift */ = {isa = PBXFileReference; lastKnownFileType = sourcecode.swift; path = NotificationsManager.swift; sourceTree = "<group>"; };
		B08F59BD2FA1B9CD00BFFC53 /* NotificationsSettingsView.swift */ = {isa = PBXFileReference; lastKnownFileType = sourcecode.swift; path = NotificationsSettingsView.swift; sourceTree = "<group>"; };
		B08F59BF2FA1BDDD00BFFC53 /* PaceCalculatorView.swift */ = {isa = PBXFileReference; lastKnownFileType = sourcecode.swift; path = PaceCalculatorView.swift; sourceTree = "<group>"; };
		B08F59C32FA4695C00BFFC53 /* NoteEditorSheet.swift */ = {isa = PBXFileReference; lastKnownFileType = sourcecode.swift; path = NoteEditorSheet.swift; sourceTree = "<group>"; };
		B08F59C52FA46ADB00BFFC53 /* RouteBuilderViewModel.swift */ = {isa = PBXFileReference; lastKnownFileType = sourcecode.swift; path = RouteBuilderViewModel.swift; sourceTree = "<group>"; };
		B08F59C72FA46AE800BFFC53 /* RouteMapView.swift */ = {isa = PBXFileReference; lastKnownFileType = sourcecode.swift; path = RouteMapView.swift; sourceTree = "<group>"; };
		B08F59C92FA46B0000BFFC53 /* RouteBuilderView.swift */ = {isa = PBXFileReference; lastKnownFileType = sourcecode.swift; path = RouteBuilderView.swift; sourceTree = "<group>"; };
		B08F59CB2FA4778600BFFC53 /* Info.plist */ = {isa = PBXFileReference; lastKnownFileType = text.plist; path = Info.plist; sourceTree = "<group>"; };
		B08F59CC2FA5659F00BFFC53 /* ElevationService.swift */ = {isa = PBXFileReference; lastKnownFileType = sourcecode.swift; path = ElevationService.swift; sourceTree = "<group>"; };
		B08F59CE2FA565B400BFFC53 /* ElevationChartView.swift */ = {isa = PBXFileReference; lastKnownFileType = sourcecode.swift; path = ElevationChartView.swift; sourceTree = "<group>"; };
		B08F59D02FA565C000BFFC53 /* ElevationSheetView.swift */ = {isa = PBXFileReference; lastKnownFileType = sourcecode.swift; path = ElevationSheetView.swift; sourceTree = "<group>"; };
		B08F59D22FA5B74300BFFC53 /* MapLayerConfig.swift */ = {isa = PBXFileReference; lastKnownFileType = sourcecode.swift; path = MapLayerConfig.swift; sourceTree = "<group>"; };
		B08F59D42FA5B77500BFFC53 /* MapControlsView.swift */ = {isa = PBXFileReference; lastKnownFileType = sourcecode.swift; path = MapControlsView.swift; sourceTree = "<group>"; };
		B08F59D62FA5BB9700BFFC53 /* SavedRouteStore.swift */ = {isa = PBXFileReference; lastKnownFileType = sourcecode.swift; path = SavedRouteStore.swift; sourceTree = "<group>"; };
		B08F59D82FA5BBB100BFFC53 /* RouteSnapshotGenerator.swift */ = {isa = PBXFileReference; lastKnownFileType = sourcecode.swift; path = RouteSnapshotGenerator.swift; sourceTree = "<group>"; };
		B08F59DA2FA5BBC400BFFC53 /* SavedRouteSheet.swift */ = {isa = PBXFileReference; lastKnownFileType = sourcecode.swift; path = SavedRouteSheet.swift; sourceTree = "<group>"; };
		B08F59DC2FA5BBD600BFFC53 /* SavedRouteLibraryView.swift */ = {isa = PBXFileReference; lastKnownFileType = sourcecode.swift; path = SavedRouteLibraryView.swift; sourceTree = "<group>"; };
		B08F59DE2FA6487A00BFFC53 /* NearbyAmenitiesService.swift */ = {isa = PBXFileReference; lastKnownFileType = sourcecode.swift; path = NearbyAmenitiesService.swift; sourceTree = "<group>"; };
		B08F5A1B2FA70E0700BFFC53 /* OnBoardingView.swift */ = {isa = PBXFileReference; lastKnownFileType = sourcecode.swift; path = OnBoardingView.swift; sourceTree = "<group>"; };
		B08F5A1D2FA7F4F300BFFC53 /* DailyInsightEngine.swift */ = {isa = PBXFileReference; lastKnownFileType = sourcecode.swift; path = DailyInsightEngine.swift; sourceTree = "<group>"; };
		B08F5A1F2FA7F50E00BFFC53 /* DailyInsightCard.swift */ = {isa = PBXFileReference; lastKnownFileType = sourcecode.swift; path = DailyInsightCard.swift; sourceTree = "<group>"; };
		B08F5A212FA7F64600BFFC53 /* WorkoutCompletionView.swift */ = {isa = PBXFileReference; lastKnownFileType = sourcecode.swift; path = WorkoutCompletionView.swift; sourceTree = "<group>"; };
		B08F5A232FAB067A00BFFC53 /* WeeklySummaryManager.swift */ = {isa = PBXFileReference; lastKnownFileType = sourcecode.swift; path = WeeklySummaryManager.swift; sourceTree = "<group>"; };
		B08F5A252FAB069400BFFC53 /* WeeklySummaryView.swift */ = {isa = PBXFileReference; lastKnownFileType = sourcecode.swift; path = WeeklySummaryView.swift; sourceTree = "<group>"; };
		B08F5A272FAB0B4F00BFFC53 /* MilestoneOverlayView.swift */ = {isa = PBXFileReference; lastKnownFileType = sourcecode.swift; path = MilestoneOverlayView.swift; sourceTree = "<group>"; };
		B08F5A292FAB0B6200BFFC53 /* MilestoneDetector.swift */ = {isa = PBXFileReference; lastKnownFileType = sourcecode.swift; path = MilestoneDetector.swift; sourceTree = "<group>"; };
		B08F5A3A2FB0000000BFFC53 /* PlanValidator.swift */ = {isa = PBXFileReference; lastKnownFileType = sourcecode.swift; path = PlanValidator.swift; sourceTree = "<group>"; };
		B08F5A3E2FB0000000BFFC53 /* PlanCorrector.swift */ = {isa = PBXFileReference; lastKnownFileType = sourcecode.swift; path = PlanCorrector.swift; sourceTree = "<group>"; };
		B08F5A402FB0000000BFFC53 /* PlanPhilosophyCard.swift */ = {isa = PBXFileReference; lastKnownFileType = sourcecode.swift; path = PlanPhilosophyCard.swift; sourceTree = "<group>"; };
		B08F5A3C2FB0000000BFFC53 /* PlanValidationView.swift */ = {isa = PBXFileReference; lastKnownFileType = sourcecode.swift; path = PlanValidationView.swift; sourceTree = "<group>"; };
		B08F5A2B2FAC281D00BFFC53 /* OffSeasonEngine.swift */ = {isa = PBXFileReference; lastKnownFileType = sourcecode.swift; path = OffSeasonEngine.swift; sourceTree = "<group>"; };
		B08F5A2D2FAC283200BFFC53 /* OffSeasonCard.swift */ = {isa = PBXFileReference; lastKnownFileType = sourcecode.swift; path = OffSeasonCard.swift; sourceTree = "<group>"; };
		B08F5A2F2FAC31D400BFFC53 /* CreateplanCTAButton.swift */ = {isa = PBXFileReference; lastKnownFileType = sourcecode.swift; path = CreateplanCTAButton.swift; sourceTree = "<group>"; };
		B08F5A312FAC456F00BFFC53 /* OffSeasonStore.swift */ = {isa = PBXFileReference; lastKnownFileType = sourcecode.swift; path = OffSeasonStore.swift; sourceTree = "<group>"; };
		B08F5A332FADAD2E00BFFC53 /* WorkoutCompletionButton.swift */ = {isa = PBXFileReference; lastKnownFileType = sourcecode.swift; path = WorkoutCompletionButton.swift; sourceTree = "<group>"; };
		B08F5A352FADB36C00BFFC53 /* FirstHalfPlanGenerator.swift */ = {isa = PBXFileReference; lastKnownFileType = sourcecode.swift; path = FirstHalfPlanGenerator.swift; sourceTree = "<group>"; };
		B08F5A372FAEFC8500BFFC53 /* TrainingPhaseEngine.swift */ = {isa = PBXFileReference; lastKnownFileType = sourcecode.swift; path = TrainingPhaseEngine.swift; sourceTree = "<group>"; };
		B08F5A3B2FAFF71600BFFC53 /* HidgonNoviceGenerator.swift */ = {isa = PBXFileReference; lastKnownFileType = sourcecode.swift; path = HidgonNoviceGenerator.swift; sourceTree = "<group>"; };
		B08F5A3D2FAFF72700BFFC53 /* HigdonIntermediateGenerator.swift */ = {isa = PBXFileReference; lastKnownFileType = sourcecode.swift; path = HigdonIntermediateGenerator.swift; sourceTree = "<group>"; };
		B08F5A432FB0492D00BFFC53 /* TrainingPhase.swift */ = {isa = PBXFileReference; lastKnownFileType = sourcecode.swift; path = TrainingPhase.swift; sourceTree = "<group>"; };
		B08F5A452FB0DC6E00BFFC53 /* WorkoutCoachEngine.swift */ = {isa = PBXFileReference; lastKnownFileType = sourcecode.swift; path = WorkoutCoachEngine.swift; sourceTree = "<group>"; };
		B08F5A472FB0DC7C00BFFC53 /* WorkoutCoachingCard.swift */ = {isa = PBXFileReference; lastKnownFileType = sourcecode.swift; path = WorkoutCoachingCard.swift; sourceTree = "<group>"; };
		B08F5A492FB19B1A00BFFC53 /* HansonsMarathonGenerator.swift */ = {isa = PBXFileReference; lastKnownFileType = sourcecode.swift; path = HansonsMarathonGenerator.swift; sourceTree = "<group>"; };
		B08F5A4B2FB19B2C00BFFC53 /* PfitzMarathonGenerator.swift */ = {isa = PBXFileReference; lastKnownFileType = sourcecode.swift; path = PfitzMarathonGenerator.swift; sourceTree = "<group>"; };
		B08F5A4D2FB21ECD00BFFC53 /* MethodologyReadinessEngine.swift */ = {isa = PBXFileReference; lastKnownFileType = sourcecode.swift; path = MethodologyReadinessEngine.swift; sourceTree = "<group>"; };
		B08F5A4F2FB21EDB00BFFC53 /* MethodologyReadinessCard.swift */ = {isa = PBXFileReference; lastKnownFileType = sourcecode.swift; path = MethodologyReadinessCard.swift; sourceTree = "<group>"; };
		B08F5A512FB4228A00BFFC53 /* HigdonHalfNoviceGenerator.swift */ = {isa = PBXFileReference; lastKnownFileType = sourcecode.swift; path = HigdonHalfNoviceGenerator.swift; sourceTree = "<group>"; };
		B08F5A532FB4229A00BFFC53 /* HigdonHalfIntermediateGenerator.swift */ = {isa = PBXFileReference; lastKnownFileType = sourcecode.swift; path = HigdonHalfIntermediateGenerator.swift; sourceTree = "<group>"; };
		B08F5A552FB422A500BFFC53 /* HansonsHalfGenerator.swift */ = {isa = PBXFileReference; lastKnownFileType = sourcecode.swift; path = HansonsHalfGenerator.swift; sourceTree = "<group>"; };
		B0A62D792F9861A70093719D /* MarathonPlanner.app */ = {isa = PBXFileReference; explicitFileType = wrapper.application; includeInIndex = 0; path = MarathonPlanner.app; sourceTree = BUILT_PRODUCTS_DIR; };
		B0A62D7C2F9861A70093719D /* MarathonPlannerApp.swift */ = {isa = PBXFileReference; lastKnownFileType = sourcecode.swift; path = MarathonPlannerApp.swift; sourceTree = "<group>"; };
		B0A62D7E2F9861A70093719D /* ContentView.swift */ = {isa = PBXFileReference; lastKnownFileType = sourcecode.swift; path = ContentView.swift; sourceTree = "<group>"; };
		B0A62D802F9861AB0093719D /* Assets.xcassets */ = {isa = PBXFileReference; lastKnownFileType = folder.assetcatalog; path = Assets.xcassets; sourceTree = "<group>"; };
		B0A62D832F9861AB0093719D /* Preview Assets.xcassets */ = {isa = PBXFileReference; lastKnownFileType = folder.assetcatalog; path = "Preview Assets.xcassets"; sourceTree = "<group>"; };
		B0A62D892F9861AB0093719D /* MarathonPlannerTests.xctest */ = {isa = PBXFileReference; explicitFileType = wrapper.cfbundle; includeInIndex = 0; path = MarathonPlannerTests.xctest; sourceTree = BUILT_PRODUCTS_DIR; };
		B0A62D8D2F9861AB0093719D /* MarathonPlannerTests.swift */ = {isa = PBXFileReference; lastKnownFileType = sourcecode.swift; path = MarathonPlannerTests.swift; sourceTree = "<group>"; };
		B0A62D932F9861AB0093719D /* MarathonPlannerUITests.xctest */ = {isa = PBXFileReference; explicitFileType = wrapper.cfbundle; includeInIndex = 0; path = MarathonPlannerUITests.xctest; sourceTree = BUILT_PRODUCTS_DIR; };
		B0A62D972F9861AB0093719D /* MarathonPlannerUITests.swift */ = {isa = PBXFileReference; lastKnownFileType = sourcecode.swift; path = MarathonPlannerUITests.swift; sourceTree = "<group>"; };
		B0A62D992F9861AB0093719D /* MarathonPlannerUITestsLaunchTests.swift */ = {isa = PBXFileReference; lastKnownFileType = sourcecode.swift; path = MarathonPlannerUITestsLaunchTests.swift; sourceTree = "<group>"; };
		B0A62DA62F9862170093719D /* TrainingPlan.swift */ = {isa = PBXFileReference; lastKnownFileType = sourcecode.swift; path = TrainingPlan.swift; sourceTree = "<group>"; };
		B0A62DA82F9862340093719D /* PlanGenerator.swift */ = {isa = PBXFileReference; lastKnownFileType = sourcecode.swift; path = PlanGenerator.swift; sourceTree = "<group>"; };
		B0A62DAA2F9862490093719D /* SetupView.swift */ = {isa = PBXFileReference; lastKnownFileType = sourcecode.swift; path = SetupView.swift; sourceTree = "<group>"; };
		B0A62DAD2F9862780093719D /* PacesView.swift */ = {isa = PBXFileReference; lastKnownFileType = sourcecode.swift; path = PacesView.swift; sourceTree = "<group>"; };
		B0A62DAF2F9862890093719D /* PlanView.swift */ = {isa = PBXFileReference; lastKnownFileType = sourcecode.swift; path = PlanView.swift; sourceTree = "<group>"; };
		B0A62DB12F98629C0093719D /* WeekDetailView.swift */ = {isa = PBXFileReference; lastKnownFileType = sourcecode.swift; path = WeekDetailView.swift; sourceTree = "<group>"; };
		B0A62DB32F9862AD0093719D /* MinitabView.swift */ = {isa = PBXFileReference; lastKnownFileType = sourcecode.swift; path = MinitabView.swift; sourceTree = "<group>"; };
		A1B2C3445566778899AA0008 /* MileZeroWidgets.appex */ = {isa = PBXFileReference; explicitFileType = "wrapper.app-extension"; includeInIndex = 0; path = MileZeroWidgets.appex; sourceTree = BUILT_PRODUCTS_DIR; };
		A1B2C3445566778899AA000E /* Color+Hex.swift */ = {isa = PBXFileReference; lastKnownFileType = sourcecode.swift; path = "Color+Hex.swift"; sourceTree = "<group>"; };
		A1B2C3445566778899AA0010 /* WidgetPlanSnapshot.swift */ = {isa = PBXFileReference; lastKnownFileType = sourcecode.swift; path = WidgetPlanSnapshot.swift; sourceTree = "<group>"; };
		A1B2C3445566778899AA0011 /* WidgetSnapshotBuilder.swift */ = {isa = PBXFileReference; lastKnownFileType = sourcecode.swift; path = WidgetSnapshotBuilder.swift; sourceTree = "<group>"; };
		A1B2C3445566778899AA0012 /* PlanStore+Widget.swift */ = {isa = PBXFileReference; lastKnownFileType = sourcecode.swift; path = "PlanStore+Widget.swift"; sourceTree = "<group>"; };
		A1B2C3445566778899AA0018 /* MarathonPlanner.entitlements */ = {isa = PBXFileReference; lastKnownFileType = text.plist.entitlements; path = MarathonPlanner.entitlements; sourceTree = "<group>"; };
		A1B2C3445566778899AA0013 /* WidgetTimelineProvider.swift */ = {isa = PBXFileReference; lastKnownFileType = sourcecode.swift; path = WidgetTimelineProvider.swift; sourceTree = "<group>"; };
		A1B2C3445566778899AA0014 /* TodaySmallWidget.swift */ = {isa = PBXFileReference; lastKnownFileType = sourcecode.swift; path = TodaySmallWidget.swift; sourceTree = "<group>"; };
		A1B2C3445566778899AA0015 /* TodayMediumWidget.swift */ = {isa = PBXFileReference; lastKnownFileType = sourcecode.swift; path = TodayMediumWidget.swift; sourceTree = "<group>"; };
		A1B2C3445566778899AA0016 /* LockScreenWidget.swift */ = {isa = PBXFileReference; lastKnownFileType = sourcecode.swift; path = LockScreenWidget.swift; sourceTree = "<group>"; };
		A1B2C3445566778899AA0017 /* MileZeroWidgetBundle.swift */ = {isa = PBXFileReference; lastKnownFileType = sourcecode.swift; path = MileZeroWidgetBundle.swift; sourceTree = "<group>"; };
		A1B2C3445566778899AA0019 /* MileZeroWidgets.entitlements */ = {isa = PBXFileReference; lastKnownFileType = text.plist.entitlements; path = MileZeroWidgets.entitlements; sourceTree = "<group>"; };
		A1B2C3445566778899AA001A /* MileZeroWidgets/Info.plist */ = {isa = PBXFileReference; lastKnownFileType = text.plist.xml; path = Info.plist; sourceTree = "<group>"; };
		A1B2C3445566778899AA002C /* WidgetKit.framework */ = {isa = PBXFileReference; lastKnownFileType = wrapper.framework; name = WidgetKit.framework; path = System/Library/Frameworks/WidgetKit.framework; sourceTree = SDKROOT; };
/* End PBXFileReference section */

/* Begin PBXFrameworksBuildPhase section */
		B0A62D762F9861A70093719D /* Frameworks */ = {
			isa = PBXFrameworksBuildPhase;
			buildActionMask = 2147483647;
			files = (
				A1B2C3445566778899AA002D /* WidgetKit.framework in Frameworks */,
			);
			runOnlyForDeploymentPostprocessing = 0;
		};
		B0A62D862F9861AB0093719D /* Frameworks */ = {
			isa = PBXFrameworksBuildPhase;
			buildActionMask = 2147483647;
			files = (
			);
			runOnlyForDeploymentPostprocessing = 0;
		};
		B0A62D902F9861AB0093719D /* Frameworks */ = {
			isa = PBXFrameworksBuildPhase;
			buildActionMask = 2147483647;
			files = (
			);
			runOnlyForDeploymentPostprocessing = 0;
		};
		A1B2C3445566778899AA0007 /* Frameworks */ = {
			isa = PBXFrameworksBuildPhase;
			buildActionMask = 2147483647;
			files = (
				A1B2C3445566778899AA002E /* WidgetKit.framework in Frameworks */,
			);
			runOnlyForDeploymentPostprocessing = 0;
		};
/* End PBXFrameworksBuildPhase section */

/* Begin PBXGroup section */
		B0A62D702F9861A70093719D = {
			isa = PBXGroup;
			children = (
				B0A62D7B2F9861A70093719D /* MarathonPlanner */,
				B0A62D8C2F9861AB0093719D /* MarathonPlannerTests */,
				B0A62D962F9861AB0093719D /* MarathonPlannerUITests */,
				A1B2C3445566778899AA0009 /* MileZeroWidgets */,
				B0A62D7A2F9861A70093719D /* Products */,
			);
			sourceTree = "<group>";
		};
		B0A62D7A2F9861A70093719D /* Products */ = {
			isa = PBXGroup;
			children = (
				B0A62D792F9861A70093719D /* MarathonPlanner.app */,
				B0A62D892F9861AB0093719D /* MarathonPlannerTests.xctest */,
				B0A62D932F9861AB0093719D /* MarathonPlannerUITests.xctest */,
				A1B2C3445566778899AA0008 /* MileZeroWidgets.appex */,
			);
			name = Products;
			sourceTree = "<group>";
		};
		B0A62D7B2F9861A70093719D /* MarathonPlanner */ = {
			isa = PBXGroup;
			children = (
				B08F59CB2FA4778600BFFC53 /* Info.plist */,
				B0A62D7C2F9861A70093719D /* MarathonPlannerApp.swift */,
				B08F5A1B2FA70E0700BFFC53 /* OnBoardingView.swift */,
				B08F5A432FB0492D00BFFC53 /* TrainingPhase.swift */,
				B075261A2F9EC478008F9552 /* SettingsView.swift */,
				B08F5A1D2FA7F4F300BFFC53 /* DailyInsightEngine.swift */,
				B08F5A2B2FAC281D00BFFC53 /* OffSeasonEngine.swift */,
				B08F5A2D2FAC283200BFFC53 /* OffSeasonCard.swift */,
				B08F5A312FAC456F00BFFC53 /* OffSeasonStore.swift */,
				B08F5A2F2FAC31D400BFFC53 /* CreateplanCTAButton.swift */,
				B08F5A1F2FA7F50E00BFFC53 /* DailyInsightCard.swift */,
				B08F59C32FA4695C00BFFC53 /* NoteEditorSheet.swift */,
				B08F59C52FA46ADB00BFFC53 /* RouteBuilderViewModel.swift */,
				B08F59C72FA46AE800BFFC53 /* RouteMapView.swift */,
				B08F59D62FA5BB9700BFFC53 /* SavedRouteStore.swift */,
				B08F59D82FA5BBB100BFFC53 /* RouteSnapshotGenerator.swift */,
				B08F59DA2FA5BBC400BFFC53 /* SavedRouteSheet.swift */,
				B08F59DC2FA5BBD600BFFC53 /* SavedRouteLibraryView.swift */,
				B08F59D42FA5B77500BFFC53 /* MapControlsView.swift */,
				B08F59BF2FA1BDDD00BFFC53 /* PaceCalculatorView.swift */,
				B08F59C92FA46B0000BFFC53 /* RouteBuilderView.swift */,
				B08F59DE2FA6487A00BFFC53 /* NearbyAmenitiesService.swift */,
				B08F59D22FA5B74300BFFC53 /* MapLayerConfig.swift */,
				B08F59CC2FA5659F00BFFC53 /* ElevationService.swift */,
				B08F59CE2FA565B400BFFC53 /* ElevationChartView.swift */,
				B08F59D02FA565C000BFFC53 /* ElevationSheetView.swift */,
				B0A62D7E2F9861A70093719D /* ContentView.swift */,
				B0A62DA62F9862170093719D /* TrainingPlan.swift */,
				B08F5A352FADB36C00BFFC53 /* FirstHalfPlanGenerator.swift */,
				B08F5A512FB4228A00BFFC53 /* HigdonHalfNoviceGenerator.swift */,
				B08F5A532FB4229A00BFFC53 /* HigdonHalfIntermediateGenerator.swift */,
				B08F5A552FB422A500BFFC53 /* HansonsHalfGenerator.swift */,
				B08F5A3B2FAFF71600BFFC53 /* HidgonNoviceGenerator.swift */,
				B08F5A3D2FAFF72700BFFC53 /* HigdonIntermediateGenerator.swift */,
				B08F5A492FB19B1A00BFFC53 /* HansonsMarathonGenerator.swift */,
				B08F5A4B2FB19B2C00BFFC53 /* PfitzMarathonGenerator.swift */,
				B08F5A4D2FB21ECD00BFFC53 /* MethodologyReadinessEngine.swift */,
				B08F5A4F2FB21EDB00BFFC53 /* MethodologyReadinessCard.swift */,
				B0A62DA82F9862340093719D /* PlanGenerator.swift */,
				B08F59BD2FA1B9CD00BFFC53 /* NotificationsSettingsView.swift */,
				B075260C2F9B1317008F9552 /* ScheduleSetupView.swift */,
				B07526002F9B0C72008F9552 /* SavedPlan.swift */,
				B08F59BB2FA1B9BB00BFFC53 /* NotificationsManager.swift */,
				B07526102F9DD78F008F9552 /* WeekDetailViewModel.swift */,
				B075260E2F9D9F2B008F9552 /* EditPlanView.swift */,
				B07526022F9B0C89008F9552 /* PlanListView.swift */,
				B07526042F9B0C9F008F9552 /* CreatePlanView.swift */,
				B07526062F9B0CB4008F9552 /* SavedPlanView.swift */,
				B08F5A332FADAD2E00BFFC53 /* WorkoutCompletionButton.swift */,
				B07526182F9EC44E008F9552 /* AppearanceManager.swift */,
				9CEE9B893E6AA861CA8D9416 /* Typography.swift */,
				B07526142F9E6FF4008F9552 /* TodayView.swift */,
				B08F5A452FB0DC6E00BFFC53 /* WorkoutCoachEngine.swift */,
				B08F5A472FB0DC7C00BFFC53 /* WorkoutCoachingCard.swift */,
				B08F5A272FAB0B4F00BFFC53 /* MilestoneOverlayView.swift */,
				B08F5A292FAB0B6200BFFC53 /* MilestoneDetector.swift */,
				B08F5A3A2FB0000000BFFC53 /* PlanValidator.swift */,
				B08F5A3E2FB0000000BFFC53 /* PlanCorrector.swift */,
				B08F5A402FB0000000BFFC53 /* PlanPhilosophyCard.swift */,
				B08F5A3C2FB0000000BFFC53 /* PlanValidationView.swift */,
				B08F5A232FAB067A00BFFC53 /* WeeklySummaryManager.swift */,
				B08F5A252FAB069400BFFC53 /* WeeklySummaryView.swift */,
				B08F5A212FA7F64600BFFC53 /* WorkoutCompletionView.swift */,
				B07526082F9B0CD2008F9552 /* PDFExporter.swift */,
				B075260A2F9B0CE6008F9552 /* ICSexporter.swift */,
				B0A62DAA2F9862490093719D /* SetupView.swift */,
				B0A62DAD2F9862780093719D /* PacesView.swift */,
				B0A62DAF2F9862890093719D /* PlanView.swift */,
				B0A62DB12F98629C0093719D /* WeekDetailView.swift */,
				B0A62DB32F9862AD0093719D /* MinitabView.swift */,
				B07526162F9EB5CB008F9552 /* WeeklyMileageChart.swift */,
				B08F5A372FAEFC8500BFFC53 /* TrainingPhaseEngine.swift */,
				B0A62D802F9861AB0093719D /* Assets.xcassets */,
				A1B2C3445566778899AA000E /* Color+Hex.swift */,
				A1B2C3445566778899AA0010 /* WidgetPlanSnapshot.swift */,
				A1B2C3445566778899AA0011 /* WidgetSnapshotBuilder.swift */,
				A1B2C3445566778899AA0012 /* PlanStore+Widget.swift */,
				A1B2C3445566778899AA0018 /* MarathonPlanner.entitlements */,
				B0A62D822F9861AB0093719D /* Preview Content */,
			);
			path = MarathonPlanner;
			sourceTree = "<group>";
		};
		B0A62D822F9861AB0093719D /* Preview Content */ = {
			isa = PBXGroup;
			children = (
				B0A62D832F9861AB0093719D /* Preview Assets.xcassets */,
			);
			path = "Preview Content";
			sourceTree = "<group>";
		};
		B0A62D8C2F9861AB0093719D /* MarathonPlannerTests */ = {
			isa = PBXGroup;
			children = (
				B0A62D8D2F9861AB0093719D /* MarathonPlannerTests.swift */,
			);
			path = MarathonPlannerTests;
			sourceTree = "<group>";
		};
		B0A62D962F9861AB0093719D /* MarathonPlannerUITests */ = {
			isa = PBXGroup;
			children = (
				B0A62D972F9861AB0093719D /* MarathonPlannerUITests.swift */,
				B0A62D992F9861AB0093719D /* MarathonPlannerUITestsLaunchTests.swift */,
			);
			path = MarathonPlannerUITests;
			sourceTree = "<group>";
		};
		A1B2C3445566778899AA0009 /* MileZeroWidgets */ = {
			isa = PBXGroup;
			children = (
				A1B2C3445566778899AA001A /* Info.plist */,
				A1B2C3445566778899AA0019 /* MileZeroWidgets.entitlements */,
				A1B2C3445566778899AA0017 /* MileZeroWidgetBundle.swift */,
				A1B2C3445566778899AA0013 /* WidgetTimelineProvider.swift */,
				A1B2C3445566778899AA0014 /* TodaySmallWidget.swift */,
				A1B2C3445566778899AA0015 /* TodayMediumWidget.swift */,
				A1B2C3445566778899AA0016 /* LockScreenWidget.swift */,
			);
			path = MileZeroWidgets;
			sourceTree = "<group>";
		};
/* End PBXGroup section */

/* Begin PBXNativeTarget section */
		B0A62D782F9861A70093719D /* MarathonPlanner */ = {
			isa = PBXNativeTarget;
			buildConfigurationList = B0A62D9D2F9861AB0093719D /* Build configuration list for PBXNativeTarget "MarathonPlanner" */;
			buildPhases = (
				B0A62D752F9861A70093719D /* Sources */,
				B0A62D762F9861A70093719D /* Frameworks */,
				B0A62D772F9861A70093719D /* Resources */,
				A1B2C3445566778899AA000A /* Embed Foundation Extensions */,
			);
			buildRules = (
			);
			dependencies = (
				A1B2C3445566778899AA000B /* PBXTargetDependency */,
			);
			name = MarathonPlanner;
			productName = MarathonPlanner;
			productReference = B0A62D792F9861A70093719D /* MarathonPlanner.app */;
			productType = "com.apple.product-type.application";
		};
		B0A62D882F9861AB0093719D /* MarathonPlannerTests */ = {
			isa = PBXNativeTarget;
			buildConfigurationList = B0A62DA02F9861AB0093719D /* Build configuration list for PBXNativeTarget "MarathonPlannerTests" */;
			buildPhases = (
				B0A62D852F9861AB0093719D /* Sources */,
				B0A62D862F9861AB0093719D /* Frameworks */,
				B0A62D872F9861AB0093719D /* Resources */,
			);
			buildRules = (
			);
			dependencies = (
				B0A62D8B2F9861AB0093719D /* PBXTargetDependency */,
			);
			name = MarathonPlannerTests;
			productName = MarathonPlannerTests;
			productReference = B0A62D892F9861AB0093719D /* MarathonPlannerTests.xctest */;
			productType = "com.apple.product-type.bundle.unit-test";
		};
		B0A62D922F9861AB0093719D /* MarathonPlannerUITests */ = {
			isa = PBXNativeTarget;
			buildConfigurationList = B0A62DA32F9861AB0093719D /* Build configuration list for PBXNativeTarget "MarathonPlannerUITests" */;
			buildPhases = (
				B0A62D8F2F9861AB0093719D /* Sources */,
				B0A62D902F9861AB0093719D /* Frameworks */,
				B0A62D912F9861AB0093719D /* Resources */,
			);
			buildRules = (
			);
			dependencies = (
				B0A62D952F9861AB0093719D /* PBXTargetDependency */,
			);
			name = MarathonPlannerUITests;
			productName = MarathonPlannerUITests;
			productReference = B0A62D932F9861AB0093719D /* MarathonPlannerUITests.xctest */;
			productType = "com.apple.product-type.bundle.ui-testing";
		};
		A1B2C3445566778899AA0001 /* MileZeroWidgets */ = {
			isa = PBXNativeTarget;
			buildConfigurationList = A1B2C3445566778899AA0002 /* Build configuration list for PBXNativeTarget "MileZeroWidgets" */;
			buildPhases = (
				A1B2C3445566778899AA0005 /* Sources */,
				A1B2C3445566778899AA0007 /* Frameworks */,
				A1B2C3445566778899AA0006 /* Resources */,
			);
			buildRules = (
			);
			dependencies = (
			);
			name = MileZeroWidgets;
			productName = MileZeroWidgets;
			productReference = A1B2C3445566778899AA0008 /* MileZeroWidgets.appex */;
			productType = "com.apple.product-type.app-extension";
		};
/* End PBXNativeTarget section */

/* Begin PBXProject section */
		B0A62D712F9861A70093719D /* Project object */ = {
			isa = PBXProject;
			attributes = {
				BuildIndependentTargetsInParallel = 1;
				LastSwiftUpdateCheck = 1430;
				LastUpgradeCheck = 1430;
				TargetAttributes = {
					B0A62D782F9861A70093719D = {
						CreatedOnToolsVersion = 14.3.1;
					};
					B0A62D882F9861AB0093719D = {
						CreatedOnToolsVersion = 14.3.1;
						TestTargetID = B0A62D782F9861A70093719D;
					};
					B0A62D922F9861AB0093719D = {
						CreatedOnToolsVersion = 14.3.1;
						TestTargetID = B0A62D782F9861A70093719D;
					};
					A1B2C3445566778899AA0001 = {
						CreatedOnToolsVersion = 16.2;
					};
				};
			};
			buildConfigurationList = B0A62D742F9861A70093719D /* Build configuration list for PBXProject "MarathonPlanner" */;
			compatibilityVersion = "Xcode 14.0";
			developmentRegion = en;
			hasScannedForEncodings = 0;
			knownRegions = (
				en,
				Base,
			);
			mainGroup = B0A62D702F9861A70093719D;
			productRefGroup = B0A62D7A2F9861A70093719D /* Products */;
			projectDirPath = "";
			projectRoot = "";
			targets = (
				B0A62D782F9861A70093719D /* MarathonPlanner */,
				B0A62D882F9861AB0093719D /* MarathonPlannerTests */,
				B0A62D922F9861AB0093719D /* MarathonPlannerUITests */,
				A1B2C3445566778899AA0001 /* MileZeroWidgets */,
			);
		};
/* End PBXProject section */

/* Begin PBXResourcesBuildPhase section */
		B0A62D772F9861A70093719D /* Resources */ = {
			isa = PBXResourcesBuildPhase;
			buildActionMask = 2147483647;
			files = (
				B0A62D842F9861AB0093719D /* Preview Assets.xcassets in Resources */,
				B0A62D812F9861AB0093719D /* Assets.xcassets in Resources */,
			);
			runOnlyForDeploymentPostprocessing = 0;
		};
		B0A62D872F9861AB0093719D /* Resources */ = {
			isa = PBXResourcesBuildPhase;
			buildActionMask = 2147483647;
			files = (
			);
			runOnlyForDeploymentPostprocessing = 0;
		};
		B0A62D912F9861AB0093719D /* Resources */ = {
			isa = PBXResourcesBuildPhase;
			buildActionMask = 2147483647;
			files = (
			);
			runOnlyForDeploymentPostprocessing = 0;
		};
		A1B2C3445566778899AA0006 /* Resources */ = {
			isa = PBXResourcesBuildPhase;
			buildActionMask = 2147483647;
			files = (
			);
			runOnlyForDeploymentPostprocessing = 0;
		};
/* End PBXResourcesBuildPhase section */

/* Begin PBXSourcesBuildPhase section */
		B0A62D752F9861A70093719D /* Sources */ = {
			isa = PBXSourcesBuildPhase;
			buildActionMask = 2147483647;
			files = (
				B08F5A462FB0DC6E00BFFC53 /* WorkoutCoachEngine.swift in Sources */,
				B08F5A242FAB067A00BFFC53 /* WeeklySummaryManager.swift in Sources */,
				B08F59BE2FA1B9CD00BFFC53 /* NotificationsSettingsView.swift in Sources */,
				B0A62DA92F9862340093719D /* PlanGenerator.swift in Sources */,
				B0A62DB22F98629C0093719D /* WeekDetailView.swift in Sources */,
				B07526172F9EB5CB008F9552 /* WeeklyMileageChart.swift in Sources */,
				B08F5A262FAB069400BFFC53 /* WeeklySummaryView.swift in Sources */,
				B0A62DAE2F9862780093719D /* PacesView.swift in Sources */,
				B08F5A4A2FB19B1A00BFFC53 /* HansonsMarathonGenerator.swift in Sources */,
				B08F59D92FA5BBB100BFFC53 /* RouteSnapshotGenerator.swift in Sources */,
				B08F59C62FA46ADB00BFFC53 /* RouteBuilderViewModel.swift in Sources */,
				B08F59BC2FA1B9BB00BFFC53 /* NotificationsManager.swift in Sources */,
				B08F5A222FA7F64600BFFC53 /* WorkoutCompletionView.swift in Sources */,
				B0A62DB42F9862AD0093719D /* MinitabView.swift in Sources */,
				B0A62D7F2F9861A70093719D /* ContentView.swift in Sources */,
				B08F5A3C2FAFF71600BFFC53 /* HidgonNoviceGenerator.swift in Sources */,
				B08F5A502FB21EDB00BFFC53 /* MethodologyReadinessCard.swift in Sources */,
				B08F5A342FADAD2E00BFFC53 /* WorkoutCompletionButton.swift in Sources */,
				B08F5A482FB0DC7C00BFFC53 /* WorkoutCoachingCard.swift in Sources */,
				B08F59C82FA46AE800BFFC53 /* RouteMapView.swift in Sources */,
				B08F5A1E2FA7F4F300BFFC53 /* DailyInsightEngine.swift in Sources */,
				B08F5A2A2FAB0B6200BFFC53 /* MilestoneDetector.swift in Sources */,
				B08F5A3B2FB0000000BFFC53 /* PlanValidator.swift in Sources */,
				B08F5A3F2FB0000000BFFC53 /* PlanCorrector.swift in Sources */,
				B08F5A412FB0000000BFFC53 /* PlanPhilosophyCard.swift in Sources */,
				B08F5A3D2FB0000000BFFC53 /* PlanValidationView.swift in Sources */,
				B08F5A202FA7F50E00BFFC53 /* DailyInsightCard.swift in Sources */,
				B08F59CF2FA565B400BFFC53 /* ElevationChartView.swift in Sources */,
				B08F5A442FB0492D00BFFC53 /* TrainingPhase.swift in Sources */,
				B08F5A522FB4228A00BFFC53 /* HigdonHalfNoviceGenerator.swift in Sources */,
				B08F5A382FAEFC8500BFFC53 /* TrainingPhaseEngine.swift in Sources */,
				B08F5A562FB422A500BFFC53 /* HansonsHalfGenerator.swift in Sources */,
				B08F59CA2FA46B0000BFFC53 /* RouteBuilderView.swift in Sources */,
				B08F5A1C2FA70E0700BFFC53 /* OnBoardingView.swift in Sources */,
				B08F5A362FADB36C00BFFC53 /* FirstHalfPlanGenerator.swift in Sources */,
				B07526052F9B0C9F008F9552 /* CreatePlanView.swift in Sources */,
				B08F59D72FA5BB9700BFFC53 /* SavedRouteStore.swift in Sources */,
				B07526192F9EC44E008F9552 /* AppearanceManager.swift in Sources */,
				487369C82B6AA0CE8FD82200 /* Typography.swift in Sources */,
				B08F59D12FA565C000BFFC53 /* ElevationSheetView.swift in Sources */,
				B08F59D32FA5B74300BFFC53 /* MapLayerConfig.swift in Sources */,
				B0A62D7D2F9861A70093719D /* MarathonPlannerApp.swift in Sources */,
				B07526032F9B0C89008F9552 /* PlanListView.swift in Sources */,
				B08F5A4C2FB19B2C00BFFC53 /* PfitzMarathonGenerator.swift in Sources */,
				B07526152F9E6FF5008F9552 /* TodayView.swift in Sources */,
				B0A62DAC2F98624D0093719D /* SetupView.swift in Sources */,
				B07526112F9DD78F008F9552 /* WeekDetailViewModel.swift in Sources */,
				B075260F2F9D9F2B008F9552 /* EditPlanView.swift in Sources */,
				B08F5A282FAB0B4F00BFFC53 /* MilestoneOverlayView.swift in Sources */,
				B08F59C42FA4695C00BFFC53 /* NoteEditorSheet.swift in Sources */,
				B0A62DB02F9862890093719D /* PlanView.swift in Sources */,
				B08F5A322FAC456F00BFFC53 /* OffSeasonStore.swift in Sources */,
				B08F59C02FA1BDDD00BFFC53 /* PaceCalculatorView.swift in Sources */,
				B07526012F9B0C72008F9552 /* SavedPlan.swift in Sources */,
				B08F59DF2FA6487A00BFFC53 /* NearbyAmenitiesService.swift in Sources */,
				B08F5A302FAC31D400BFFC53 /* CreateplanCTAButton.swift in Sources */,
				B075260D2F9B1317008F9552 /* ScheduleSetupView.swift in Sources */,
				B08F5A2E2FAC283200BFFC53 /* OffSeasonCard.swift in Sources */,
				B08F5A3E2FAFF72700BFFC53 /* HigdonIntermediateGenerator.swift in Sources */,
				B0A62DA72F9862170093719D /* TrainingPlan.swift in Sources */,
				B08F59CD2FA5659F00BFFC53 /* ElevationService.swift in Sources */,
				B08F59D52FA5B77500BFFC53 /* MapControlsView.swift in Sources */,
				B075260B2F9B0CE6008F9552 /* ICSexporter.swift in Sources */,
				B08F5A2C2FAC281D00BFFC53 /* OffSeasonEngine.swift in Sources */,
				B07526072F9B0CB4008F9552 /* SavedPlanView.swift in Sources */,
				B08F5A542FB4229A00BFFC53 /* HigdonHalfIntermediateGenerator.swift in Sources */,
				B07526092F9B0CD2008F9552 /* PDFExporter.swift in Sources */,
				B08F5A4E2FB21ECE00BFFC53 /* MethodologyReadinessEngine.swift in Sources */,
				B075261B2F9EC478008F9552 /* SettingsView.swift in Sources */,
				B08F59DD2FA5BBD600BFFC53 /* SavedRouteLibraryView.swift in Sources */,
				B08F59DB2FA5BBC400BFFC53 /* SavedRouteSheet.swift in Sources */,
				A1B2C3445566778899AA0020 /* Color+Hex.swift in Sources */,
				A1B2C3445566778899AA0021 /* WidgetPlanSnapshot.swift in Sources */,
				A1B2C3445566778899AA0022 /* WidgetSnapshotBuilder.swift in Sources */,
				A1B2C3445566778899AA0023 /* PlanStore+Widget.swift in Sources */,
			);
			runOnlyForDeploymentPostprocessing = 0;
		};
		B0A62D852F9861AB0093719D /* Sources */ = {
			isa = PBXSourcesBuildPhase;
			buildActionMask = 2147483647;
			files = (
				B0A62D8E2F9861AB0093719D /* MarathonPlannerTests.swift in Sources */,
			);
			runOnlyForDeploymentPostprocessing = 0;
		};
		B0A62D8F2F9861AB0093719D /* Sources */ = {
			isa = PBXSourcesBuildPhase;
			buildActionMask = 2147483647;
			files = (
				B0A62D982F9861AB0093719D /* MarathonPlannerUITests.swift in Sources */,
				B0A62D9A2F9861AB0093719D /* MarathonPlannerUITestsLaunchTests.swift in Sources */,
			);
			runOnlyForDeploymentPostprocessing = 0;
		};
		A1B2C3445566778899AA0005 /* Sources */ = {
			isa = PBXSourcesBuildPhase;
			buildActionMask = 2147483647;
			files = (
				A1B2C3445566778899AA0024 /* Color+Hex.swift in Sources */,
				A1B2C3445566778899AA0025 /* WidgetPlanSnapshot.swift in Sources */,
				A1B2C3445566778899AA0026 /* TrainingPhase.swift in Sources */,
				A1B2C3445566778899AA0027 /* WidgetTimelineProvider.swift in Sources */,
				A1B2C3445566778899AA0028 /* TodaySmallWidget.swift in Sources */,
				A1B2C3445566778899AA0029 /* TodayMediumWidget.swift in Sources */,
				A1B2C3445566778899AA002A /* LockScreenWidget.swift in Sources */,
				A1B2C3445566778899AA002B /* MileZeroWidgetBundle.swift in Sources */,
			);
			runOnlyForDeploymentPostprocessing = 0;
		};
/* End PBXSourcesBuildPhase section */

/* Begin PBXTargetDependency section */
		B0A62D8B2F9861AB0093719D /* PBXTargetDependency */ = {
			isa = PBXTargetDependency;
			target = B0A62D782F9861A70093719D /* MarathonPlanner */;
			targetProxy = B0A62D8A2F9861AB0093719D /* PBXContainerItemProxy */;
		};
		B0A62D952F9861AB0093719D /* PBXTargetDependency */ = {
			isa = PBXTargetDependency;
			target = B0A62D782F9861A70093719D /* MarathonPlanner */;
			targetProxy = B0A62D942F9861AB0093719D /* PBXContainerItemProxy */;
		};
		A1B2C3445566778899AA000B /* PBXTargetDependency */ = {
			isa = PBXTargetDependency;
			target = A1B2C3445566778899AA0001 /* MileZeroWidgets */;
			targetProxy = A1B2C3445566778899AA000C /* PBXContainerItemProxy */;
		};
/* End PBXTargetDependency section */

/* Begin XCBuildConfiguration section */
		B0A62D9B2F9861AB0093719D /* Debug */ = {
			isa = XCBuildConfiguration;
			buildSettings = {
				ALWAYS_SEARCH_USER_PATHS = NO;
				CLANG_ANALYZER_NONNULL = YES;
				CLANG_ANALYZER_NUMBER_OBJECT_CONVERSION = YES_AGGRESSIVE;
				CLANG_CXX_LANGUAGE_STANDARD = "gnu++20";
				CLANG_ENABLE_MODULES = YES;
				CLANG_ENABLE_OBJC_ARC = YES;
				CLANG_ENABLE_OBJC_WEAK = YES;
				CLANG_WARN_BLOCK_CAPTURE_AUTORELEASING = YES;
				CLANG_WARN_BOOL_CONVERSION = YES;
				CLANG_WARN_COMMA = YES;
				CLANG_WARN_CONSTANT_CONVERSION = YES;
				CLANG_WARN_DEPRECATED_OBJC_IMPLEMENTATIONS = YES;
				CLANG_WARN_DIRECT_OBJC_ISA_USAGE = YES_ERROR;
				CLANG_WARN_DOCUMENTATION_COMMENTS = YES;
				CLANG_WARN_EMPTY_BODY = YES;
				CLANG_WARN_ENUM_CONVERSION = YES;
				CLANG_WARN_INFINITE_RECURSION = YES;
				CLANG_WARN_INT_CONVERSION = YES;
				CLANG_WARN_NON_LITERAL_NULL_CONVERSION = YES;
				CLANG_WARN_OBJC_IMPLICIT_RETAIN_SELF = YES;
				CLANG_WARN_OBJC_LITERAL_CONVERSION = YES;
				CLANG_WARN_OBJC_ROOT_CLASS = YES_ERROR;
				CLANG_WARN_QUOTED_INCLUDE_IN_FRAMEWORK_HEADER = YES;
				CLANG_WARN_RANGE_LOOP_ANALYSIS = YES;
				CLANG_WARN_STRICT_PROTOTYPES = YES;
				CLANG_WARN_SUSPICIOUS_MOVE = YES;
				CLANG_WARN_UNGUARDED_AVAILABILITY = YES_AGGRESSIVE;
				CLANG_WARN_UNREACHABLE_CODE = YES;
				CLANG_WARN__DUPLICATE_METHOD_MATCH = YES;
				COPY_PHASE_STRIP = NO;
				DEBUG_INFORMATION_FORMAT = dwarf;
				ENABLE_STRICT_OBJC_MSGSEND = YES;
				ENABLE_TESTABILITY = YES;
				GCC_C_LANGUAGE_STANDARD = gnu11;
				GCC_DYNAMIC_NO_PIC = NO;
				GCC_NO_COMMON_BLOCKS = YES;
				GCC_OPTIMIZATION_LEVEL = 0;
				GCC_PREPROCESSOR_DEFINITIONS = (
					"DEBUG=1",
					"$(inherited)",
				);
				GCC_WARN_64_TO_32_BIT_CONVERSION = YES;
				GCC_WARN_ABOUT_RETURN_TYPE = YES_ERROR;
				GCC_WARN_UNDECLARED_SELECTOR = YES;
				GCC_WARN_UNINITIALIZED_AUTOS = YES_AGGRESSIVE;
				GCC_WARN_UNUSED_FUNCTION = YES;
				GCC_WARN_UNUSED_VARIABLE = YES;
				IPHONEOS_DEPLOYMENT_TARGET = 16.4;
				MTL_ENABLE_DEBUG_INFO = INCLUDE_SOURCE;
				MTL_FAST_MATH = YES;
				ONLY_ACTIVE_ARCH = YES;
				SDKROOT = iphoneos;
				SWIFT_ACTIVE_COMPILATION_CONDITIONS = DEBUG;
				SWIFT_OPTIMIZATION_LEVEL = "-Onone";
			};
			name = Debug;
		};
		B0A62D9C2F9861AB0093719D /* Release */ = {
			isa = XCBuildConfiguration;
			buildSettings = {
				ALWAYS_SEARCH_USER_PATHS = NO;
				CLANG_ANALYZER_NONNULL = YES;
				CLANG_ANALYZER_NUMBER_OBJECT_CONVERSION = YES_AGGRESSIVE;
				CLANG_CXX_LANGUAGE_STANDARD = "gnu++20";
				CLANG_ENABLE_MODULES = YES;
				CLANG_ENABLE_OBJC_ARC = YES;
				CLANG_ENABLE_OBJC_WEAK = YES;
				CLANG_WARN_BLOCK_CAPTURE_AUTORELEASING = YES;
				CLANG_WARN_BOOL_CONVERSION = YES;
				CLANG_WARN_COMMA = YES;
				CLANG_WARN_CONSTANT_CONVERSION = YES;
				CLANG_WARN_DEPRECATED_OBJC_IMPLEMENTATIONS = YES;
				CLANG_WARN_DIRECT_OBJC_ISA_USAGE = YES_ERROR;
				CLANG_WARN_DOCUMENTATION_COMMENTS = YES;
				CLANG_WARN_EMPTY_BODY = YES;
				CLANG_WARN_ENUM_CONVERSION = YES;
				CLANG_WARN_INFINITE_RECURSION = YES;
				CLANG_WARN_INT_CONVERSION = YES;
				CLANG_WARN_NON_LITERAL_NULL_CONVERSION = YES;
				CLANG_WARN_OBJC_IMPLICIT_RETAIN_SELF = YES;
				CLANG_WARN_OBJC_LITERAL_CONVERSION = YES;
				CLANG_WARN_OBJC_ROOT_CLASS = YES_ERROR;
				CLANG_WARN_QUOTED_INCLUDE_IN_FRAMEWORK_HEADER = YES;
				CLANG_WARN_RANGE_LOOP_ANALYSIS = YES;
				CLANG_WARN_STRICT_PROTOTYPES = YES;
				CLANG_WARN_SUSPICIOUS_MOVE = YES;
				CLANG_WARN_UNGUARDED_AVAILABILITY = YES_AGGRESSIVE;
				CLANG_WARN_UNREACHABLE_CODE = YES;
				CLANG_WARN__DUPLICATE_METHOD_MATCH = YES;
				COPY_PHASE_STRIP = NO;
				DEBUG_INFORMATION_FORMAT = "dwarf-with-dsym";
				ENABLE_NS_ASSERTIONS = NO;
				ENABLE_STRICT_OBJC_MSGSEND = YES;
				GCC_C_LANGUAGE_STANDARD = gnu11;
				GCC_NO_COMMON_BLOCKS = YES;
				GCC_WARN_64_TO_32_BIT_CONVERSION = YES;
				GCC_WARN_ABOUT_RETURN_TYPE = YES_ERROR;
				GCC_WARN_UNDECLARED_SELECTOR = YES;
				GCC_WARN_UNINITIALIZED_AUTOS = YES_AGGRESSIVE;
				GCC_WARN_UNUSED_FUNCTION = YES;
				GCC_WARN_UNUSED_VARIABLE = YES;
				IPHONEOS_DEPLOYMENT_TARGET = 16.4;
				MTL_ENABLE_DEBUG_INFO = NO;
				MTL_FAST_MATH = YES;
				SDKROOT = iphoneos;
				SWIFT_COMPILATION_MODE = wholemodule;
				SWIFT_OPTIMIZATION_LEVEL = "-O";
				VALIDATE_PRODUCT = YES;
			};
			name = Release;
		};
		B0A62D9E2F9861AB0093719D /* Debug */ = {
			isa = XCBuildConfiguration;
			buildSettings = {
				ASSETCATALOG_COMPILER_APPICON_NAME = AppIcon;
				ASSETCATALOG_COMPILER_GLOBAL_ACCENT_COLOR_NAME = AccentColor;
				CODE_SIGN_ENTITLEMENTS = MarathonPlanner/MarathonPlanner.entitlements;
				CODE_SIGN_STYLE = Automatic;
				CURRENT_PROJECT_VERSION = 1;
				DEVELOPMENT_ASSET_PATHS = "\"MarathonPlanner/Preview Content\"";
				DEVELOPMENT_TEAM = BX2P9YS3TZ;
				ENABLE_PREVIEWS = YES;
				GENERATE_INFOPLIST_FILE = YES;
				INFOPLIST_FILE = MarathonPlanner/Info.plist;
				INFOPLIST_KEY_CFBundleDisplayName = "Mile Zero";
				INFOPLIST_KEY_LSApplicationCategoryType = "public.app-category.healthcare-fitness";
				INFOPLIST_KEY_UIApplicationSceneManifest_Generation = YES;
				INFOPLIST_KEY_UIApplicationSupportsIndirectInputEvents = YES;
				INFOPLIST_KEY_UILaunchScreen_Generation = YES;
				INFOPLIST_KEY_UISupportedInterfaceOrientations_iPad = "UIInterfaceOrientationPortrait UIInterfaceOrientationPortraitUpsideDown UIInterfaceOrientationLandscapeLeft UIInterfaceOrientationLandscapeRight";
				INFOPLIST_KEY_UISupportedInterfaceOrientations_iPhone = "UIInterfaceOrientationPortrait UIInterfaceOrientationLandscapeLeft UIInterfaceOrientationLandscapeRight";
				IPHONEOS_DEPLOYMENT_TARGET = 18.6;
				LD_RUNPATH_SEARCH_PATHS = (
					"$(inherited)",
					"@executable_path/Frameworks",
				);
				MARKETING_VERSION = 1.2;
				PRODUCT_BUNDLE_IDENTIFIER = MarathonPlanner.MarathonPlanner;
				PRODUCT_NAME = "$(TARGET_NAME)";
				SWIFT_EMIT_LOC_STRINGS = YES;
				SWIFT_VERSION = 5.0;
				TARGETED_DEVICE_FAMILY = "1,2";
			};
			name = Debug;
		};
		B0A62D9F2F9861AB0093719D /* Release */ = {
			isa = XCBuildConfiguration;
			buildSettings = {
				ASSETCATALOG_COMPILER_APPICON_NAME = AppIcon;
				ASSETCATALOG_COMPILER_GLOBAL_ACCENT_COLOR_NAME = AccentColor;
				CODE_SIGN_ENTITLEMENTS = MarathonPlanner/MarathonPlanner.entitlements;
				CODE_SIGN_STYLE = Automatic;
				CURRENT_PROJECT_VERSION = 1;
				DEVELOPMENT_ASSET_PATHS = "\"MarathonPlanner/Preview Content\"";
				DEVELOPMENT_TEAM = BX2P9YS3TZ;
				ENABLE_PREVIEWS = YES;
				GENERATE_INFOPLIST_FILE = YES;
				INFOPLIST_FILE = MarathonPlanner/Info.plist;
				INFOPLIST_KEY_CFBundleDisplayName = "Mile Zero";
				INFOPLIST_KEY_LSApplicationCategoryType = "public.app-category.healthcare-fitness";
				INFOPLIST_KEY_UIApplicationSceneManifest_Generation = YES;
				INFOPLIST_KEY_UIApplicationSupportsIndirectInputEvents = YES;
				INFOPLIST_KEY_UILaunchScreen_Generation = YES;
				INFOPLIST_KEY_UISupportedInterfaceOrientations_iPad = "UIInterfaceOrientationPortrait UIInterfaceOrientationPortraitUpsideDown UIInterfaceOrientationLandscapeLeft UIInterfaceOrientationLandscapeRight";
				INFOPLIST_KEY_UISupportedInterfaceOrientations_iPhone = "UIInterfaceOrientationPortrait UIInterfaceOrientationLandscapeLeft UIInterfaceOrientationLandscapeRight";
				IPHONEOS_DEPLOYMENT_TARGET = 18.6;
				LD_RUNPATH_SEARCH_PATHS = (
					"$(inherited)",
					"@executable_path/Frameworks",
				);
				MARKETING_VERSION = 1.2;
				PRODUCT_BUNDLE_IDENTIFIER = MarathonPlanner.MarathonPlanner;
				PRODUCT_NAME = "$(TARGET_NAME)";
				SWIFT_EMIT_LOC_STRINGS = YES;
				SWIFT_VERSION = 5.0;
				TARGETED_DEVICE_FAMILY = "1,2";
			};
			name = Release;
		};
		B0A62DA12F9861AB0093719D /* Debug */ = {
			isa = XCBuildConfiguration;
			buildSettings = {
				ALWAYS_EMBED_SWIFT_STANDARD_LIBRARIES = YES;
				BUNDLE_LOADER = "$(TEST_HOST)";
				CODE_SIGN_STYLE = Automatic;
				CURRENT_PROJECT_VERSION = 1;
				GENERATE_INFOPLIST_FILE = YES;
				IPHONEOS_DEPLOYMENT_TARGET = 16.4;
				MARKETING_VERSION = 1.0;
				PRODUCT_BUNDLE_IDENTIFIER = MarathonPlanner.MarathonPlannerTests;
				PRODUCT_NAME = "$(TARGET_NAME)";
				SWIFT_EMIT_LOC_STRINGS = NO;
				SWIFT_VERSION = 5.0;
				TARGETED_DEVICE_FAMILY = "1,2";
				TEST_HOST = "$(BUILT_PRODUCTS_DIR)/MarathonPlanner.app/$(BUNDLE_EXECUTABLE_FOLDER_PATH)/MarathonPlanner";
			};
			name = Debug;
		};
		B0A62DA22F9861AB0093719D /* Release */ = {
			isa = XCBuildConfiguration;
			buildSettings = {
				ALWAYS_EMBED_SWIFT_STANDARD_LIBRARIES = YES;
				BUNDLE_LOADER = "$(TEST_HOST)";
				CODE_SIGN_STYLE = Automatic;
				CURRENT_PROJECT_VERSION = 1;
				GENERATE_INFOPLIST_FILE = YES;
				IPHONEOS_DEPLOYMENT_TARGET = 16.4;
				MARKETING_VERSION = 1.0;
				PRODUCT_BUNDLE_IDENTIFIER = MarathonPlanner.MarathonPlannerTests;
				PRODUCT_NAME = "$(TARGET_NAME)";
				SWIFT_EMIT_LOC_STRINGS = NO;
				SWIFT_VERSION = 5.0;
				TARGETED_DEVICE_FAMILY = "1,2";
				TEST_HOST = "$(BUILT_PRODUCTS_DIR)/MarathonPlanner.app/$(BUNDLE_EXECUTABLE_FOLDER_PATH)/MarathonPlanner";
			};
			name = Release;
		};
		B0A62DA42F9861AB0093719D /* Debug */ = {
			isa = XCBuildConfiguration;
			buildSettings = {
				ALWAYS_EMBED_SWIFT_STANDARD_LIBRARIES = YES;
				CODE_SIGN_STYLE = Automatic;
				CURRENT_PROJECT_VERSION = 1;
				GENERATE_INFOPLIST_FILE = YES;
				MARKETING_VERSION = 1.0;
				PRODUCT_BUNDLE_IDENTIFIER = MarathonPlanner.MarathonPlannerUITests;
				PRODUCT_NAME = "$(TARGET_NAME)";
				SWIFT_EMIT_LOC_STRINGS = NO;
				SWIFT_VERSION = 5.0;
				TARGETED_DEVICE_FAMILY = "1,2";
				TEST_TARGET_NAME = MarathonPlanner;
			};
			name = Debug;
		};
		B0A62DA52F9861AB0093719D /* Release */ = {
			isa = XCBuildConfiguration;
			buildSettings = {
				ALWAYS_EMBED_SWIFT_STANDARD_LIBRARIES = YES;
				CODE_SIGN_STYLE = Automatic;
				CURRENT_PROJECT_VERSION = 1;
				GENERATE_INFOPLIST_FILE = YES;
				MARKETING_VERSION = 1.0;
				PRODUCT_BUNDLE_IDENTIFIER = MarathonPlanner.MarathonPlannerUITests;
				PRODUCT_NAME = "$(TARGET_NAME)";
				SWIFT_EMIT_LOC_STRINGS = NO;
				SWIFT_VERSION = 5.0;
				TARGETED_DEVICE_FAMILY = "1,2";
				TEST_TARGET_NAME = MarathonPlanner;
			};
			name = Release;
		};
		A1B2C3445566778899AA0003 /* Debug */ = {
			isa = XCBuildConfiguration;
			buildSettings = {
				CODE_SIGN_ENTITLEMENTS = MileZeroWidgets/MileZeroWidgets.entitlements;
				CODE_SIGN_STYLE = Automatic;
				CURRENT_PROJECT_VERSION = 1;
				DEVELOPMENT_TEAM = BX2P9YS3TZ;
				INFOPLIST_FILE = MileZeroWidgets/Info.plist;
				IPHONEOS_DEPLOYMENT_TARGET = 17.0;
				LD_RUNPATH_SEARCH_PATHS = (
					"$(inherited)",
					"@executable_path/Frameworks",
					"@executable_path/../../Frameworks",
				);
				MARKETING_VERSION = 1.2;
				PRODUCT_BUNDLE_IDENTIFIER = MarathonPlanner.MarathonPlanner.MileZeroWidgets;
				PRODUCT_NAME = "$(TARGET_NAME)";
				SKIP_INSTALL = YES;
				SWIFT_VERSION = 5.0;
				TARGETED_DEVICE_FAMILY = "1,2";
			};
			name = Debug;
		};
		A1B2C3445566778899AA0004 /* Release */ = {
			isa = XCBuildConfiguration;
			buildSettings = {
				CODE_SIGN_ENTITLEMENTS = MileZeroWidgets/MileZeroWidgets.entitlements;
				CODE_SIGN_STYLE = Automatic;
				CURRENT_PROJECT_VERSION = 1;
				DEVELOPMENT_TEAM = BX2P9YS3TZ;
				INFOPLIST_FILE = MileZeroWidgets/Info.plist;
				IPHONEOS_DEPLOYMENT_TARGET = 17.0;
				LD_RUNPATH_SEARCH_PATHS = (
					"$(inherited)",
					"@executable_path/Frameworks",
					"@executable_path/../../Frameworks",
				);
				MARKETING_VERSION = 1.2;
				PRODUCT_BUNDLE_IDENTIFIER = MarathonPlanner.MarathonPlanner.MileZeroWidgets;
				PRODUCT_NAME = "$(TARGET_NAME)";
				SKIP_INSTALL = YES;
				SWIFT_VERSION = 5.0;
				TARGETED_DEVICE_FAMILY = "1,2";
			};
			name = Release;
		};
/* End XCBuildConfiguration section */

/* Begin XCConfigurationList section */
		B0A62D742F9861A70093719D /* Build configuration list for PBXProject "MarathonPlanner" */ = {
			isa = XCConfigurationList;
			buildConfigurations = (
				B0A62D9B2F9861AB0093719D /* Debug */,
				B0A62D9C2F9861AB0093719D /* Release */,
			);
			defaultConfigurationIsVisible = 0;
			defaultConfigurationName = Release;
		};
		B0A62D9D2F9861AB0093719D /* Build configuration list for PBXNativeTarget "MarathonPlanner" */ = {
			isa = XCConfigurationList;
			buildConfigurations = (
				B0A62D9E2F9861AB0093719D /* Debug */,
				B0A62D9F2F9861AB0093719D /* Release */,
			);
			defaultConfigurationIsVisible = 0;
			defaultConfigurationName = Release;
		};
		B0A62DA02F9861AB0093719D /* Build configuration list for PBXNativeTarget "MarathonPlannerTests" */ = {
			isa = XCConfigurationList;
			buildConfigurations = (
				B0A62DA12F9861AB0093719D /* Debug */,
				B0A62DA22F9861AB0093719D /* Release */,
			);
			defaultConfigurationIsVisible = 0;
			defaultConfigurationName = Release;
		};
		B0A62DA32F9861AB0093719D /* Build configuration list for PBXNativeTarget "MarathonPlannerUITests" */ = {
			isa = XCConfigurationList;
			buildConfigurations = (
				B0A62DA42F9861AB0093719D /* Debug */,
				B0A62DA52F9861AB0093719D /* Release */,
			);
			defaultConfigurationIsVisible = 0;
			defaultConfigurationName = Release;
		};
		A1B2C3445566778899AA0002 /* Build configuration list for PBXNativeTarget "MileZeroWidgets" */ = {
			isa = XCConfigurationList;
			buildConfigurations = (
				A1B2C3445566778899AA0003 /* Debug */,
				A1B2C3445566778899AA0004 /* Release */,
			);
			defaultConfigurationIsVisible = 0;
			defaultConfigurationName = Release;
		};
/* End XCConfigurationList section */
	};
	rootObject = B0A62D712F9861A70093719D /* Project object */;
}
