// !$*UTF8*$!
{
	archiveVersion = 1;
	classes = {
	};
	objectVersion = 56;
	objects = {

/* Begin PBXBuildFile section */
		B0948BF52F93251D00BF901B /* ProjectPRApp.swift in Sources */ = {isa = PBXBuildFile; fileRef = B0948BF42F93251D00BF901B /* ProjectPRApp.swift */; };
		B0948BF72F93251D00BF901B /* ContentView.swift in Sources */ = {isa = PBXBuildFile; fileRef = B0948BF62F93251D00BF901B /* ContentView.swift */; };
		B0948BF92F93252100BF901B /* Assets.xcassets in Resources */ = {isa = PBXBuildFile; fileRef = B0948BF82F93252100BF901B /* Assets.xcassets */; };
		B0948BFC2F93252100BF901B /* Preview Assets.xcassets in Resources */ = {isa = PBXBuildFile; fileRef = B0948BFB2F93252100BF901B /* Preview Assets.xcassets */; };
		B0948C062F93252100BF901B /* ProjectPRTests.swift in Sources */ = {isa = PBXBuildFile; fileRef = B0948C052F93252100BF901B /* ProjectPRTests.swift */; };
		B0948C102F93252200BF901B /* ProjectPRUITests.swift in Sources */ = {isa = PBXBuildFile; fileRef = B0948C0F2F93252200BF901B /* ProjectPRUITests.swift */; };
		B0948C122F93252200BF901B /* ProjectPRUITestsLaunchTests.swift in Sources */ = {isa = PBXBuildFile; fileRef = B0948C112F93252200BF901B /* ProjectPRUITestsLaunchTests.swift */; };
		B0948C1F2F93391B00BF901B /* Models.swift in Sources */ = {isa = PBXBuildFile; fileRef = B0948C1E2F93391B00BF901B /* Models.swift */; };
		B0948C212F93395400BF901B /* MockData.swift in Sources */ = {isa = PBXBuildFile; fileRef = B0948C202F93395400BF901B /* MockData.swift */; };
		B0948C232F93399500BF901B /* FitnessEngine.swift in Sources */ = {isa = PBXBuildFile; fileRef = B0948C222F93399500BF901B /* FitnessEngine.swift */; };
		B0948C252F9339FC00BF901B /* TrainingModels.swift in Sources */ = {isa = PBXBuildFile; fileRef = B0948C242F9339FC00BF901B /* TrainingModels.swift */; };
		B0948C272F933A2000BF901B /* HansonsEngine.swift in Sources */ = {isa = PBXBuildFile; fileRef = B0948C262F933A2000BF901B /* HansonsEngine.swift */; };
/* End PBXBuildFile section */

/* Begin PBXContainerItemProxy section */
		B0948C022F93252100BF901B /* PBXContainerItemProxy */ = {
			isa = PBXContainerItemProxy;
			containerPortal = B0948BE92F93251D00BF901B /* Project object */;
			proxyType = 1;
			remoteGlobalIDString = B0948BF02F93251D00BF901B;
			remoteInfo = ProjectPR;
		};
		B0948C0C2F93252200BF901B /* PBXContainerItemProxy */ = {
			isa = PBXContainerItemProxy;
			containerPortal = B0948BE92F93251D00BF901B /* Project object */;
			proxyType = 1;
			remoteGlobalIDString = B0948BF02F93251D00BF901B;
			remoteInfo = ProjectPR;
		};
/* End PBXContainerItemProxy section */

/* Begin PBXFileReference section */
		B0948BF12F93251D00BF901B /* ProjectPR.app */ = {isa = PBXFileReference; explicitFileType = wrapper.application; includeInIndex = 0; path = ProjectPR.app; sourceTree = BUILT_PRODUCTS_DIR; };
		B0948BF42F93251D00BF901B /* ProjectPRApp.swift */ = {isa = PBXFileReference; lastKnownFileType = sourcecode.swift; path = ProjectPRApp.swift; sourceTree = "<group>"; };
		B0948BF62F93251D00BF901B /* ContentView.swift */ = {isa = PBXFileReference; lastKnownFileType = sourcecode.swift; path = ContentView.swift; sourceTree = "<group>"; };
		B0948BF82F93252100BF901B /* Assets.xcassets */ = {isa = PBXFileReference; lastKnownFileType = folder.assetcatalog; path = Assets.xcassets; sourceTree = "<group>"; };
		B0948BFB2F93252100BF901B /* Preview Assets.xcassets */ = {isa = PBXFileReference; lastKnownFileType = folder.assetcatalog; path = "Preview Assets.xcassets"; sourceTree = "<group>"; };
		B0948C012F93252100BF901B /* ProjectPRTests.xctest */ = {isa = PBXFileReference; explicitFileType = wrapper.cfbundle; includeInIndex = 0; path = ProjectPRTests.xctest; sourceTree = BUILT_PRODUCTS_DIR; };
		B0948C052F93252100BF901B /* ProjectPRTests.swift */ = {isa = PBXFileReference; lastKnownFileType = sourcecode.swift; path = ProjectPRTests.swift; sourceTree = "<group>"; };
		B0948C0B2F93252200BF901B /* ProjectPRUITests.xctest */ = {isa = PBXFileReference; explicitFileType = wrapper.cfbundle; includeInIndex = 0; path = ProjectPRUITests.xctest; sourceTree = BUILT_PRODUCTS_DIR; };
		B0948C0F2F93252200BF901B /* ProjectPRUITests.swift */ = {isa = PBXFileReference; lastKnownFileType = sourcecode.swift; path = ProjectPRUITests.swift; sourceTree = "<group>"; };
		B0948C112F93252200BF901B /* ProjectPRUITestsLaunchTests.swift */ = {isa = PBXFileReference; lastKnownFileType = sourcecode.swift; path = ProjectPRUITestsLaunchTests.swift; sourceTree = "<group>"; };
		B0948C1E2F93391B00BF901B /* Models.swift */ = {isa = PBXFileReference; lastKnownFileType = sourcecode.swift; path = Models.swift; sourceTree = "<group>"; };
		B0948C202F93395400BF901B /* MockData.swift */ = {isa = PBXFileReference; lastKnownFileType = sourcecode.swift; path = MockData.swift; sourceTree = "<group>"; };
		B0948C222F93399500BF901B /* FitnessEngine.swift */ = {isa = PBXFileReference; lastKnownFileType = sourcecode.swift; path = FitnessEngine.swift; sourceTree = "<group>"; };
		B0948C242F9339FC00BF901B /* TrainingModels.swift */ = {isa = PBXFileReference; lastKnownFileType = sourcecode.swift; path = TrainingModels.swift; sourceTree = "<group>"; };
		B0948C262F933A2000BF901B /* HansonsEngine.swift */ = {isa = PBXFileReference; lastKnownFileType = sourcecode.swift; path = HansonsEngine.swift; sourceTree = "<group>"; };
/* End PBXFileReference section */

/* Begin PBXFrameworksBuildPhase section */
		B0948BEE2F93251D00BF901B /* Frameworks */ = {
			isa = PBXFrameworksBuildPhase;
			buildActionMask = 2147483647;
			files = (
			);
			runOnlyForDeploymentPostprocessing = 0;
		};
		B0948BFE2F93252100BF901B /* Frameworks */ = {
			isa = PBXFrameworksBuildPhase;
			buildActionMask = 2147483647;
			files = (
			);
			runOnlyForDeploymentPostprocessing = 0;
		};
		B0948C082F93252200BF901B /* Frameworks */ = {
			isa = PBXFrameworksBuildPhase;
			buildActionMask = 2147483647;
			files = (
			);
			runOnlyForDeploymentPostprocessing = 0;
		};
/* End PBXFrameworksBuildPhase section */

/* Begin PBXGroup section */
		B0948BE82F93251D00BF901B = {
			isa = PBXGroup;
			children = (
				B0948BF32F93251D00BF901B /* ProjectPR */,
				B0948C042F93252100BF901B /* ProjectPRTests */,
				B0948C0E2F93252200BF901B /* ProjectPRUITests */,
				B0948BF22F93251D00BF901B /* Products */,
			);
			sourceTree = "<group>";
		};
		B0948BF22F93251D00BF901B /* Products */ = {
			isa = PBXGroup;
			children = (
				B0948BF12F93251D00BF901B /* ProjectPR.app */,
				B0948C012F93252100BF901B /* ProjectPRTests.xctest */,
				B0948C0B2F93252200BF901B /* ProjectPRUITests.xctest */,
			);
			name = Products;
			sourceTree = "<group>";
		};
		B0948BF32F93251D00BF901B /* ProjectPR */ = {
			isa = PBXGroup;
			children = (
				B0948BF42F93251D00BF901B /* ProjectPRApp.swift */,
				B0948BF62F93251D00BF901B /* ContentView.swift */,
				B0948BF82F93252100BF901B /* Assets.xcassets */,
				B0948C1E2F93391B00BF901B /* Models.swift */,
				B0948C202F93395400BF901B /* MockData.swift */,
				B0948C222F93399500BF901B /* FitnessEngine.swift */,
				B0948C242F9339FC00BF901B /* TrainingModels.swift */,
				B0948C262F933A2000BF901B /* HansonsEngine.swift */,
				B0948BFA2F93252100BF901B /* Preview Content */,
			);
			path = ProjectPR;
			sourceTree = "<group>";
		};
		B0948BFA2F93252100BF901B /* Preview Content */ = {
			isa = PBXGroup;
			children = (
				B0948BFB2F93252100BF901B /* Preview Assets.xcassets */,
			);
			path = "Preview Content";
			sourceTree = "<group>";
		};
		B0948C042F93252100BF901B /* ProjectPRTests */ = {
			isa = PBXGroup;
			children = (
				B0948C052F93252100BF901B /* ProjectPRTests.swift */,
			);
			path = ProjectPRTests;
			sourceTree = "<group>";
		};
		B0948C0E2F93252200BF901B /* ProjectPRUITests */ = {
			isa = PBXGroup;
			children = (
				B0948C0F2F93252200BF901B /* ProjectPRUITests.swift */,
				B0948C112F93252200BF901B /* ProjectPRUITestsLaunchTests.swift */,
			);
			path = ProjectPRUITests;
			sourceTree = "<group>";
		};
/* End PBXGroup section */

/* Begin PBXNativeTarget section */
		B0948BF02F93251D00BF901B /* ProjectPR */ = {
			isa = PBXNativeTarget;
			buildConfigurationList = B0948C152F93252200BF901B /* Build configuration list for PBXNativeTarget "ProjectPR" */;
			buildPhases = (
				B0948BED2F93251D00BF901B /* Sources */,
				B0948BEE2F93251D00BF901B /* Frameworks */,
				B0948BEF2F93251D00BF901B /* Resources */,
			);
			buildRules = (
			);
			dependencies = (
			);
			name = ProjectPR;
			productName = ProjectPR;
			productReference = B0948BF12F93251D00BF901B /* ProjectPR.app */;
			productType = "com.apple.product-type.application";
		};
		B0948C002F93252100BF901B /* ProjectPRTests */ = {
			isa = PBXNativeTarget;
			buildConfigurationList = B0948C182F93252200BF901B /* Build configuration list for PBXNativeTarget "ProjectPRTests" */;
			buildPhases = (
				B0948BFD2F93252100BF901B /* Sources */,
				B0948BFE2F93252100BF901B /* Frameworks */,
				B0948BFF2F93252100BF901B /* Resources */,
			);
			buildRules = (
			);
			dependencies = (
				B0948C032F93252100BF901B /* PBXTargetDependency */,
			);
			name = ProjectPRTests;
			productName = ProjectPRTests;
			productReference = B0948C012F93252100BF901B /* ProjectPRTests.xctest */;
			productType = "com.apple.product-type.bundle.unit-test";
		};
		B0948C0A2F93252200BF901B /* ProjectPRUITests */ = {
			isa = PBXNativeTarget;
			buildConfigurationList = B0948C1B2F93252200BF901B /* Build configuration list for PBXNativeTarget "ProjectPRUITests" */;
			buildPhases = (
				B0948C072F93252200BF901B /* Sources */,
				B0948C082F93252200BF901B /* Frameworks */,
				B0948C092F93252200BF901B /* Resources */,
			);
			buildRules = (
			);
			dependencies = (
				B0948C0D2F93252200BF901B /* PBXTargetDependency */,
			);
			name = ProjectPRUITests;
			productName = ProjectPRUITests;
			productReference = B0948C0B2F93252200BF901B /* ProjectPRUITests.xctest */;
			productType = "com.apple.product-type.bundle.ui-testing";
		};
/* End PBXNativeTarget section */

/* Begin PBXProject section */
		B0948BE92F93251D00BF901B /* Project object */ = {
			isa = PBXProject;
			attributes = {
				BuildIndependentTargetsInParallel = 1;
				LastSwiftUpdateCheck = 1430;
				LastUpgradeCheck = 1430;
				TargetAttributes = {
					B0948BF02F93251D00BF901B = {
						CreatedOnToolsVersion = 14.3.1;
					};
					B0948C002F93252100BF901B = {
						CreatedOnToolsVersion = 14.3.1;
						TestTargetID = B0948BF02F93251D00BF901B;
					};
					B0948C0A2F93252200BF901B = {
						CreatedOnToolsVersion = 14.3.1;
						TestTargetID = B0948BF02F93251D00BF901B;
					};
				};
			};
			buildConfigurationList = B0948BEC2F93251D00BF901B /* Build configuration list for PBXProject "ProjectPR" */;
			compatibilityVersion = "Xcode 14.0";
			developmentRegion = en;
			hasScannedForEncodings = 0;
			knownRegions = (
				en,
				Base,
			);
			mainGroup = B0948BE82F93251D00BF901B;
			productRefGroup = B0948BF22F93251D00BF901B /* Products */;
			projectDirPath = "";
			projectRoot = "";
			targets = (
				B0948BF02F93251D00BF901B /* ProjectPR */,
				B0948C002F93252100BF901B /* ProjectPRTests */,
				B0948C0A2F93252200BF901B /* ProjectPRUITests */,
			);
		};
/* End PBXProject section */

/* Begin PBXResourcesBuildPhase section */
		B0948BEF2F93251D00BF901B /* Resources */ = {
			isa = PBXResourcesBuildPhase;
			buildActionMask = 2147483647;
			files = (
				B0948BFC2F93252100BF901B /* Preview Assets.xcassets in Resources */,
				B0948BF92F93252100BF901B /* Assets.xcassets in Resources */,
			);
			runOnlyForDeploymentPostprocessing = 0;
		};
		B0948BFF2F93252100BF901B /* Resources */ = {
			isa = PBXResourcesBuildPhase;
			buildActionMask = 2147483647;
			files = (
			);
			runOnlyForDeploymentPostprocessing = 0;
		};
		B0948C092F93252200BF901B /* Resources */ = {
			isa = PBXResourcesBuildPhase;
			buildActionMask = 2147483647;
			files = (
			);
			runOnlyForDeploymentPostprocessing = 0;
		};
/* End PBXResourcesBuildPhase section */

/* Begin PBXSourcesBuildPhase section */
		B0948BED2F93251D00BF901B /* Sources */ = {
			isa = PBXSourcesBuildPhase;
			buildActionMask = 2147483647;
			files = (
				B0948C1F2F93391B00BF901B /* Models.swift in Sources */,
				B0948C252F9339FC00BF901B /* TrainingModels.swift in Sources */,
				B0948C272F933A2000BF901B /* HansonsEngine.swift in Sources */,
				B0948C212F93395400BF901B /* MockData.swift in Sources */,
				B0948BF72F93251D00BF901B /* ContentView.swift in Sources */,
				B0948BF52F93251D00BF901B /* ProjectPRApp.swift in Sources */,
				B0948C232F93399500BF901B /* FitnessEngine.swift in Sources */,
			);
			runOnlyForDeploymentPostprocessing = 0;
		};
		B0948BFD2F93252100BF901B /* Sources */ = {
			isa = PBXSourcesBuildPhase;
			buildActionMask = 2147483647;
			files = (
				B0948C062F93252100BF901B /* ProjectPRTests.swift in Sources */,
			);
			runOnlyForDeploymentPostprocessing = 0;
		};
		B0948C072F93252200BF901B /* Sources */ = {
			isa = PBXSourcesBuildPhase;
			buildActionMask = 2147483647;
			files = (
				B0948C122F93252200BF901B /* ProjectPRUITestsLaunchTests.swift in Sources */,
				B0948C102F93252200BF901B /* ProjectPRUITests.swift in Sources */,
			);
			runOnlyForDeploymentPostprocessing = 0;
		};
/* End PBXSourcesBuildPhase section */

/* Begin PBXTargetDependency section */
		B0948C032F93252100BF901B /* PBXTargetDependency */ = {
			isa = PBXTargetDependency;
			target = B0948BF02F93251D00BF901B /* ProjectPR */;
			targetProxy = B0948C022F93252100BF901B /* PBXContainerItemProxy */;
		};
		B0948C0D2F93252200BF901B /* PBXTargetDependency */ = {
			isa = PBXTargetDependency;
			target = B0948BF02F93251D00BF901B /* ProjectPR */;
			targetProxy = B0948C0C2F93252200BF901B /* PBXContainerItemProxy */;
		};
/* End PBXTargetDependency section */

/* Begin XCBuildConfiguration section */
		B0948C132F93252200BF901B /* Debug */ = {
			isa = XCBuildConfiguration;
			buildSettings = {
				ALWAYS_SEARCH_USER_PATHS = NO;
				CLANG_ANALYZER_NONNULL = YES;
				CLANG_ANALYZER_NUMBER_OBJECT_CONVERSION = YES_AGGRESSIVE;
				CLANG_CXX_LANGUAGE_STANDARD = "gnu++20";
				CLANG_ENABLE_MODULES = YES;
				CLANG_ENABLE_OBJC_ARC = YES;
				CLANG_ENABLE_OBJC_WEAK = YES;
				CLANG_WARN_BLOCK_CAPTURE_AUTORELEASING = YES;
				CLANG_WARN_BOOL_CONVERSION = YES;
				CLANG_WARN_COMMA = YES;
				CLANG_WARN_CONSTANT_CONVERSION = YES;
				CLANG_WARN_DEPRECATED_OBJC_IMPLEMENTATIONS = YES;
				CLANG_WARN_DIRECT_OBJC_ISA_USAGE = YES_ERROR;
				CLANG_WARN_DOCUMENTATION_COMMENTS = YES;
				CLANG_WARN_EMPTY_BODY = YES;
				CLANG_WARN_ENUM_CONVERSION = YES;
				CLANG_WARN_INFINITE_RECURSION = YES;
				CLANG_WARN_INT_CONVERSION = YES;
				CLANG_WARN_NON_LITERAL_NULL_CONVERSION = YES;
				CLANG_WARN_OBJC_IMPLICIT_RETAIN_SELF = YES;
				CLANG_WARN_OBJC_LITERAL_CONVERSION = YES;
				CLANG_WARN_OBJC_ROOT_CLASS = YES_ERROR;
				CLANG_WARN_QUOTED_INCLUDE_IN_FRAMEWORK_HEADER = YES;
				CLANG_WARN_RANGE_LOOP_ANALYSIS = YES;
				CLANG_WARN_STRICT_PROTOTYPES = YES;
				CLANG_WARN_SUSPICIOUS_MOVE = YES;
				CLANG_WARN_UNGUARDED_AVAILABILITY = YES_AGGRESSIVE;
				CLANG_WARN_UNREACHABLE_CODE = YES;
				CLANG_WARN__DUPLICATE_METHOD_MATCH = YES;
				COPY_PHASE_STRIP = NO;
				DEBUG_INFORMATION_FORMAT = dwarf;
				ENABLE_STRICT_OBJC_MSGSEND = YES;
				ENABLE_TESTABILITY = YES;
				GCC_C_LANGUAGE_STANDARD = gnu11;
				GCC_DYNAMIC_NO_PIC = NO;
				GCC_NO_COMMON_BLOCKS = YES;
				GCC_OPTIMIZATION_LEVEL = 0;
				GCC_PREPROCESSOR_DEFINITIONS = (
					"DEBUG=1",
					"$(inherited)",
				);
				GCC_WARN_64_TO_32_BIT_CONVERSION = YES;
				GCC_WARN_ABOUT_RETURN_TYPE = YES_ERROR;
				GCC_WARN_UNDECLARED_SELECTOR = YES;
				GCC_WARN_UNINITIALIZED_AUTOS = YES_AGGRESSIVE;
				GCC_WARN_UNUSED_FUNCTION = YES;
				GCC_WARN_UNUSED_VARIABLE = YES;
				IPHONEOS_DEPLOYMENT_TARGET = 16.4;
				MTL_ENABLE_DEBUG_INFO = INCLUDE_SOURCE;
				MTL_FAST_MATH = YES;
				ONLY_ACTIVE_ARCH = YES;
				SDKROOT = iphoneos;
				SWIFT_ACTIVE_COMPILATION_CONDITIONS = DEBUG;
				SWIFT_OPTIMIZATION_LEVEL = "-Onone";
			};
			name = Debug;
		};
		B0948C142F93252200BF901B /* Release */ = {
			isa = XCBuildConfiguration;
			buildSettings = {
				ALWAYS_SEARCH_USER_PATHS = NO;
				CLANG_ANALYZER_NONNULL = YES;
				CLANG_ANALYZER_NUMBER_OBJECT_CONVERSION = YES_AGGRESSIVE;
				CLANG_CXX_LANGUAGE_STANDARD = "gnu++20";
				CLANG_ENABLE_MODULES = YES;
				CLANG_ENABLE_OBJC_ARC = YES;
				CLANG_ENABLE_OBJC_WEAK = YES;
				CLANG_WARN_BLOCK_CAPTURE_AUTORELEASING = YES;
				CLANG_WARN_BOOL_CONVERSION = YES;
				CLANG_WARN_COMMA = YES;
				CLANG_WARN_CONSTANT_CONVERSION = YES;
				CLANG_WARN_DEPRECATED_OBJC_IMPLEMENTATIONS = YES;
				CLANG_WARN_DIRECT_OBJC_ISA_USAGE = YES_ERROR;
				CLANG_WARN_DOCUMENTATION_COMMENTS = YES;
				CLANG_WARN_EMPTY_BODY = YES;
				CLANG_WARN_ENUM_CONVERSION = YES;
				CLANG_WARN_INFINITE_RECURSION = YES;
				CLANG_WARN_INT_CONVERSION = YES;
				CLANG_WARN_NON_LITERAL_NULL_CONVERSION = YES;
				CLANG_WARN_OBJC_IMPLICIT_RETAIN_SELF = YES;
				CLANG_WARN_OBJC_LITERAL_CONVERSION = YES;
				CLANG_WARN_OBJC_ROOT_CLASS = YES_ERROR;
				CLANG_WARN_QUOTED_INCLUDE_IN_FRAMEWORK_HEADER = YES;
				CLANG_WARN_RANGE_LOOP_ANALYSIS = YES;
				CLANG_WARN_STRICT_PROTOTYPES = YES;
				CLANG_WARN_SUSPICIOUS_MOVE = YES;
				CLANG_WARN_UNGUARDED_AVAILABILITY = YES_AGGRESSIVE;
				CLANG_WARN_UNREACHABLE_CODE = YES;
				CLANG_WARN__DUPLICATE_METHOD_MATCH = YES;
				COPY_PHASE_STRIP = NO;
				DEBUG_INFORMATION_FORMAT = "dwarf-with-dsym";
				ENABLE_NS_ASSERTIONS = NO;
				ENABLE_STRICT_OBJC_MSGSEND = YES;
				GCC_C_LANGUAGE_STANDARD = gnu11;
				GCC_NO_COMMON_BLOCKS = YES;
				GCC_WARN_64_TO_32_BIT_CONVERSION = YES;
				GCC_WARN_ABOUT_RETURN_TYPE = YES_ERROR;
				GCC_WARN_UNDECLARED_SELECTOR = YES;
				GCC_WARN_UNINITIALIZED_AUTOS = YES_AGGRESSIVE;
				GCC_WARN_UNUSED_FUNCTION = YES;
				GCC_WARN_UNUSED_VARIABLE = YES;
				IPHONEOS_DEPLOYMENT_TARGET = 16.4;
				MTL_ENABLE_DEBUG_INFO = NO;
				MTL_FAST_MATH = YES;
				SDKROOT = iphoneos;
				SWIFT_COMPILATION_MODE = wholemodule;
				SWIFT_OPTIMIZATION_LEVEL = "-O";
				VALIDATE_PRODUCT = YES;
			};
			name = Release;
		};
		B0948C162F93252200BF901B /* Debug */ = {
			isa = XCBuildConfiguration;
			buildSettings = {
				ASSETCATALOG_COMPILER_APPICON_NAME = AppIcon;
				ASSETCATALOG_COMPILER_GLOBAL_ACCENT_COLOR_NAME = AccentColor;
				CODE_SIGN_STYLE = Automatic;
				CURRENT_PROJECT_VERSION = 1;
				DEVELOPMENT_ASSET_PATHS = "\"ProjectPR/Preview Content\"";
				ENABLE_PREVIEWS = YES;
				GENERATE_INFOPLIST_FILE = YES;
				INFOPLIST_KEY_UIApplicationSceneManifest_Generation = YES;
				INFOPLIST_KEY_UIApplicationSupportsIndirectInputEvents = YES;
				INFOPLIST_KEY_UILaunchScreen_Generation = YES;
				INFOPLIST_KEY_UISupportedInterfaceOrientations_iPad = "UIInterfaceOrientationPortrait UIInterfaceOrientationPortraitUpsideDown UIInterfaceOrientationLandscapeLeft UIInterfaceOrientationLandscapeRight";
				INFOPLIST_KEY_UISupportedInterfaceOrientations_iPhone = "UIInterfaceOrientationPortrait UIInterfaceOrientationLandscapeLeft UIInterfaceOrientationLandscapeRight";
				LD_RUNPATH_SEARCH_PATHS = (
					"$(inherited)",
					"@executable_path/Frameworks",
				);
				MARKETING_VERSION = 1.0;
				PRODUCT_BUNDLE_IDENTIFIER = RunPlanner.ProjectPR;
				PRODUCT_NAME = "$(TARGET_NAME)";
				SWIFT_EMIT_LOC_STRINGS = YES;
				SWIFT_VERSION = 5.0;
				TARGETED_DEVICE_FAMILY = "1,2";
			};
			name = Debug;
		};
		B0948C172F93252200BF901B /* Release */ = {
			isa = XCBuildConfiguration;
			buildSettings = {
				ASSETCATALOG_COMPILER_APPICON_NAME = AppIcon;
				ASSETCATALOG_COMPILER_GLOBAL_ACCENT_COLOR_NAME = AccentColor;
				CODE_SIGN_STYLE = Automatic;
				CURRENT_PROJECT_VERSION = 1;
				DEVELOPMENT_ASSET_PATHS = "\"ProjectPR/Preview Content\"";
				ENABLE_PREVIEWS = YES;
				GENERATE_INFOPLIST_FILE = YES;
				INFOPLIST_KEY_UIApplicationSceneManifest_Generation = YES;
				INFOPLIST_KEY_UIApplicationSupportsIndirectInputEvents = YES;
				INFOPLIST_KEY_UILaunchScreen_Generation = YES;
				INFOPLIST_KEY_UISupportedInterfaceOrientations_iPad = "UIInterfaceOrientationPortrait UIInterfaceOrientationPortraitUpsideDown UIInterfaceOrientationLandscapeLeft UIInterfaceOrientationLandscapeRight";
				INFOPLIST_KEY_UISupportedInterfaceOrientations_iPhone = "UIInterfaceOrientationPortrait UIInterfaceOrientationLandscapeLeft UIInterfaceOrientationLandscapeRight";
				LD_RUNPATH_SEARCH_PATHS = (
					"$(inherited)",
					"@executable_path/Frameworks",
				);
				MARKETING_VERSION = 1.0;
				PRODUCT_BUNDLE_IDENTIFIER = RunPlanner.ProjectPR;
				PRODUCT_NAME = "$(TARGET_NAME)";
				SWIFT_EMIT_LOC_STRINGS = YES;
				SWIFT_VERSION = 5.0;
				TARGETED_DEVICE_FAMILY = "1,2";
			};
			name = Release;
		};
		B0948C192F93252200BF901B /* Debug */ = {
			isa = XCBuildConfiguration;
			buildSettings = {
				ALWAYS_EMBED_SWIFT_STANDARD_LIBRARIES = YES;
				BUNDLE_LOADER = "$(TEST_HOST)";
				CODE_SIGN_STYLE = Automatic;
				CURRENT_PROJECT_VERSION = 1;
				GENERATE_INFOPLIST_FILE = YES;
				IPHONEOS_DEPLOYMENT_TARGET = 16.4;
				MARKETING_VERSION = 1.0;
				PRODUCT_BUNDLE_IDENTIFIER = RunPlanner.ProjectPRTests;
				PRODUCT_NAME = "$(TARGET_NAME)";
				SWIFT_EMIT_LOC_STRINGS = NO;
				SWIFT_VERSION = 5.0;
				TARGETED_DEVICE_FAMILY = "1,2";
				TEST_HOST = "$(BUILT_PRODUCTS_DIR)/ProjectPR.app/$(BUNDLE_EXECUTABLE_FOLDER_PATH)/ProjectPR";
			};
			name = Debug;
		};
		B0948C1A2F93252200BF901B /* Release */ = {
			isa = XCBuildConfiguration;
			buildSettings = {
				ALWAYS_EMBED_SWIFT_STANDARD_LIBRARIES = YES;
				BUNDLE_LOADER = "$(TEST_HOST)";
				CODE_SIGN_STYLE = Automatic;
				CURRENT_PROJECT_VERSION = 1;
				GENERATE_INFOPLIST_FILE = YES;
				IPHONEOS_DEPLOYMENT_TARGET = 16.4;
				MARKETING_VERSION = 1.0;
				PRODUCT_BUNDLE_IDENTIFIER = RunPlanner.ProjectPRTests;
				PRODUCT_NAME = "$(TARGET_NAME)";
				SWIFT_EMIT_LOC_STRINGS = NO;
				SWIFT_VERSION = 5.0;
				TARGETED_DEVICE_FAMILY = "1,2";
				TEST_HOST = "$(BUILT_PRODUCTS_DIR)/ProjectPR.app/$(BUNDLE_EXECUTABLE_FOLDER_PATH)/ProjectPR";
			};
			name = Release;
		};
		B0948C1C2F93252200BF901B /* Debug */ = {
			isa = XCBuildConfiguration;
			buildSettings = {
				ALWAYS_EMBED_SWIFT_STANDARD_LIBRARIES = YES;
				CODE_SIGN_STYLE = Automatic;
				CURRENT_PROJECT_VERSION = 1;
				GENERATE_INFOPLIST_FILE = YES;
				MARKETING_VERSION = 1.0;
				PRODUCT_BUNDLE_IDENTIFIER = RunPlanner.ProjectPRUITests;
				PRODUCT_NAME = "$(TARGET_NAME)";
				SWIFT_EMIT_LOC_STRINGS = NO;
				SWIFT_VERSION = 5.0;
				TARGETED_DEVICE_FAMILY = "1,2";
				TEST_TARGET_NAME = ProjectPR;
			};
			name = Debug;
		};
		B0948C1D2F93252200BF901B /* Release */ = {
			isa = XCBuildConfiguration;
			buildSettings = {
				ALWAYS_EMBED_SWIFT_STANDARD_LIBRARIES = YES;
				CODE_SIGN_STYLE = Automatic;
				CURRENT_PROJECT_VERSION = 1;
				GENERATE_INFOPLIST_FILE = YES;
				MARKETING_VERSION = 1.0;
				PRODUCT_BUNDLE_IDENTIFIER = RunPlanner.ProjectPRUITests;
				PRODUCT_NAME = "$(TARGET_NAME)";
				SWIFT_EMIT_LOC_STRINGS = NO;
				SWIFT_VERSION = 5.0;
				TARGETED_DEVICE_FAMILY = "1,2";
				TEST_TARGET_NAME = ProjectPR;
			};
			name = Release;
		};
/* End XCBuildConfiguration section */

/* Begin XCConfigurationList section */
		B0948BEC2F93251D00BF901B /* Build configuration list for PBXProject "ProjectPR" */ = {
			isa = XCConfigurationList;
			buildConfigurations = (
				B0948C132F93252200BF901B /* Debug */,
				B0948C142F93252200BF901B /* Release */,
			);
			defaultConfigurationIsVisible = 0;
			defaultConfigurationName = Release;
		};
		B0948C152F93252200BF901B /* Build configuration list for PBXNativeTarget "ProjectPR" */ = {
			isa = XCConfigurationList;
			buildConfigurations = (
				B0948C162F93252200BF901B /* Debug */,
				B0948C172F93252200BF901B /* Release */,
			);
			defaultConfigurationIsVisible = 0;
			defaultConfigurationName = Release;
		};
		B0948C182F93252200BF901B /* Build configuration list for PBXNativeTarget "ProjectPRTests" */ = {
			isa = XCConfigurationList;
			buildConfigurations = (
				B0948C192F93252200BF901B /* Debug */,
				B0948C1A2F93252200BF901B /* Release */,
			);
			defaultConfigurationIsVisible = 0;
			defaultConfigurationName = Release;
		};
		B0948C1B2F93252200BF901B /* Build configuration list for PBXNativeTarget "ProjectPRUITests" */ = {
			isa = XCConfigurationList;
			buildConfigurations = (
				B0948C1C2F93252200BF901B /* Debug */,
				B0948C1D2F93252200BF901B /* Release */,
			);
			defaultConfigurationIsVisible = 0;
			defaultConfigurationName = Release;
		};
/* End XCConfigurationList section */
	};
	rootObject = B0948BE92F93251D00BF901B /* Project object */;
}
