// !$*UTF8*$!
{
	archiveVersion = 1;
	classes = {
	};
	objectVersion = 56;
	objects = {

/* Begin PBXBuildFile section */
		B0948C372F943F4E00BF901B /* ContentView.swift in Sources */ = {isa = PBXBuildFile; fileRef = B0948C362F943F4E00BF901B /* ContentView.swift */; };
		B0948C392F943F5100BF901B /* Assets.xcassets in Resources */ = {isa = PBXBuildFile; fileRef = B0948C382F943F5100BF901B /* Assets.xcassets */; };
		B0948C3C2F943F5100BF901B /* Preview Assets.xcassets in Resources */ = {isa = PBXBuildFile; fileRef = B0948C3B2F943F5100BF901B /* Preview Assets.xcassets */; };
		B0948C462F943F5200BF901B /* Run_PlannerTests.swift in Sources */ = {isa = PBXBuildFile; fileRef = B0948C452F943F5200BF901B /* Run_PlannerTests.swift */; };
		B0948C502F943F5200BF901B /* Run_PlannerUITests.swift in Sources */ = {isa = PBXBuildFile; fileRef = B0948C4F2F943F5200BF901B /* Run_PlannerUITests.swift */; };
		B0948C522F943F5200BF901B /* Run_PlannerUITestsLaunchTests.swift in Sources */ = {isa = PBXBuildFile; fileRef = B0948C512F943F5200BF901B /* Run_PlannerUITestsLaunchTests.swift */; };
/* End PBXBuildFile section */

/* Begin PBXContainerItemProxy section */
		B0948C422F943F5200BF901B /* PBXContainerItemProxy */ = {
			isa = PBXContainerItemProxy;
			containerPortal = B0948C292F943F4E00BF901B /* Project object */;
			proxyType = 1;
			remoteGlobalIDString = B0948C302F943F4E00BF901B;
			remoteInfo = "Run Planner";
		};
		B0948C4C2F943F5200BF901B /* PBXContainerItemProxy */ = {
			isa = PBXContainerItemProxy;
			containerPortal = B0948C292F943F4E00BF901B /* Project object */;
			proxyType = 1;
			remoteGlobalIDString = B0948C302F943F4E00BF901B;
			remoteInfo = "Run Planner";
		};
/* End PBXContainerItemProxy section */

/* Begin PBXFileReference section */
		B0948C312F943F4E00BF901B /* Run Planner.app */ = {isa = PBXFileReference; explicitFileType = wrapper.application; includeInIndex = 0; path = "Run Planner.app"; sourceTree = BUILT_PRODUCTS_DIR; };
		B0948C362F943F4E00BF901B /* ContentView.swift */ = {isa = PBXFileReference; lastKnownFileType = sourcecode.swift; path = ContentView.swift; sourceTree = "<group>"; };
		B0948C382F943F5100BF901B /* Assets.xcassets */ = {isa = PBXFileReference; lastKnownFileType = folder.assetcatalog; path = Assets.xcassets; sourceTree = "<group>"; };
		B0948C3B2F943F5100BF901B /* Preview Assets.xcassets */ = {isa = PBXFileReference; lastKnownFileType = folder.assetcatalog; path = "Preview Assets.xcassets"; sourceTree = "<group>"; };
		B0948C412F943F5200BF901B /* Run PlannerTests.xctest */ = {isa = PBXFileReference; explicitFileType = wrapper.cfbundle; includeInIndex = 0; path = "Run PlannerTests.xctest"; sourceTree = BUILT_PRODUCTS_DIR; };
		B0948C452F943F5200BF901B /* Run_PlannerTests.swift */ = {isa = PBXFileReference; lastKnownFileType = sourcecode.swift; path = Run_PlannerTests.swift; sourceTree = "<group>"; };
		B0948C4B2F943F5200BF901B /* Run PlannerUITests.xctest */ = {isa = PBXFileReference; explicitFileType = wrapper.cfbundle; includeInIndex = 0; path = "Run PlannerUITests.xctest"; sourceTree = BUILT_PRODUCTS_DIR; };
		B0948C4F2F943F5200BF901B /* Run_PlannerUITests.swift */ = {isa = PBXFileReference; lastKnownFileType = sourcecode.swift; path = Run_PlannerUITests.swift; sourceTree = "<group>"; };
		B0948C512F943F5200BF901B /* Run_PlannerUITestsLaunchTests.swift */ = {isa = PBXFileReference; lastKnownFileType = sourcecode.swift; path = Run_PlannerUITestsLaunchTests.swift; sourceTree = "<group>"; };
/* End PBXFileReference section */

/* Begin PBXFrameworksBuildPhase section */
		B0948C2E2F943F4E00BF901B /* Frameworks */ = {
			isa = PBXFrameworksBuildPhase;
			buildActionMask = 2147483647;
			files = (
			);
			runOnlyForDeploymentPostprocessing = 0;
		};
		B0948C3E2F943F5200BF901B /* Frameworks */ = {
			isa = PBXFrameworksBuildPhase;
			buildActionMask = 2147483647;
			files = (
			);
			runOnlyForDeploymentPostprocessing = 0;
		};
		B0948C482F943F5200BF901B /* Frameworks */ = {
			isa = PBXFrameworksBuildPhase;
			buildActionMask = 2147483647;
			files = (
			);
			runOnlyForDeploymentPostprocessing = 0;
		};
/* End PBXFrameworksBuildPhase section */

/* Begin PBXGroup section */
		B0948C282F943F4E00BF901B = {
			isa = PBXGroup;
			children = (
				B0948C332F943F4E00BF901B /* Run Planner */,
				B0948C442F943F5200BF901B /* Run PlannerTests */,
				B0948C4E2F943F5200BF901B /* Run PlannerUITests */,
				B0948C322F943F4E00BF901B /* Products */,
			);
			sourceTree = "<group>";
		};
		B0948C322F943F4E00BF901B /* Products */ = {
			isa = PBXGroup;
			children = (
				B0948C312F943F4E00BF901B /* Run Planner.app */,
				B0948C412F943F5200BF901B /* Run PlannerTests.xctest */,
				B0948C4B2F943F5200BF901B /* Run PlannerUITests.xctest */,
			);
			name = Products;
			sourceTree = "<group>";
		};
		B0948C332F943F4E00BF901B /* Run Planner */ = {
			isa = PBXGroup;
			children = (
				B0948C362F943F4E00BF901B /* ContentView.swift */,
				B0948C382F943F5100BF901B /* Assets.xcassets */,
				B0948C3A2F943F5100BF901B /* Preview Content */,
			);
			path = "Run Planner";
			sourceTree = "<group>";
		};
		B0948C3A2F943F5100BF901B /* Preview Content */ = {
			isa = PBXGroup;
			children = (
				B0948C3B2F943F5100BF901B /* Preview Assets.xcassets */,
			);
			path = "Preview Content";
			sourceTree = "<group>";
		};
		B0948C442F943F5200BF901B /* Run PlannerTests */ = {
			isa = PBXGroup;
			children = (
				B0948C452F943F5200BF901B /* Run_PlannerTests.swift */,
			);
			path = "Run PlannerTests";
			sourceTree = "<group>";
		};
		B0948C4E2F943F5200BF901B /* Run PlannerUITests */ = {
			isa = PBXGroup;
			children = (
				B0948C4F2F943F5200BF901B /* Run_PlannerUITests.swift */,
				B0948C512F943F5200BF901B /* Run_PlannerUITestsLaunchTests.swift */,
			);
			path = "Run PlannerUITests";
			sourceTree = "<group>";
		};
/* End PBXGroup section */

/* Begin PBXNativeTarget section */
		B0948C302F943F4E00BF901B /* Run Planner */ = {
			isa = PBXNativeTarget;
			buildConfigurationList = B0948C552F943F5200BF901B /* Build configuration list for PBXNativeTarget "Run Planner" */;
			buildPhases = (
				B0948C2D2F943F4E00BF901B /* Sources */,
				B0948C2E2F943F4E00BF901B /* Frameworks */,
				B0948C2F2F943F4E00BF901B /* Resources */,
			);
			buildRules = (
			);
			dependencies = (
			);
			name = "Run Planner";
			productName = "Run Planner";
			productReference = B0948C312F943F4E00BF901B /* Run Planner.app */;
			productType = "com.apple.product-type.application";
		};
		B0948C402F943F5200BF901B /* Run PlannerTests */ = {
			isa = PBXNativeTarget;
			buildConfigurationList = B0948C582F943F5200BF901B /* Build configuration list for PBXNativeTarget "Run PlannerTests" */;
			buildPhases = (
				B0948C3D2F943F5200BF901B /* Sources */,
				B0948C3E2F943F5200BF901B /* Frameworks */,
				B0948C3F2F943F5200BF901B /* Resources */,
			);
			buildRules = (
			);
			dependencies = (
				B0948C432F943F5200BF901B /* PBXTargetDependency */,
			);
			name = "Run PlannerTests";
			productName = "Run PlannerTests";
			productReference = B0948C412F943F5200BF901B /* Run PlannerTests.xctest */;
			productType = "com.apple.product-type.bundle.unit-test";
		};
		B0948C4A2F943F5200BF901B /* Run PlannerUITests */ = {
			isa = PBXNativeTarget;
			buildConfigurationList = B0948C5B2F943F5200BF901B /* Build configuration list for PBXNativeTarget "Run PlannerUITests" */;
			buildPhases = (
				B0948C472F943F5200BF901B /* Sources */,
				B0948C482F943F5200BF901B /* Frameworks */,
				B0948C492F943F5200BF901B /* Resources */,
			);
			buildRules = (
			);
			dependencies = (
				B0948C4D2F943F5200BF901B /* PBXTargetDependency */,
			);
			name = "Run PlannerUITests";
			productName = "Run PlannerUITests";
			productReference = B0948C4B2F943F5200BF901B /* Run PlannerUITests.xctest */;
			productType = "com.apple.product-type.bundle.ui-testing";
		};
/* End PBXNativeTarget section */

/* Begin PBXProject section */
		B0948C292F943F4E00BF901B /* Project object */ = {
			isa = PBXProject;
			attributes = {
				BuildIndependentTargetsInParallel = 1;
				LastSwiftUpdateCheck = 1430;
				LastUpgradeCheck = 1430;
				TargetAttributes = {
					B0948C302F943F4E00BF901B = {
						CreatedOnToolsVersion = 14.3.1;
					};
					B0948C402F943F5200BF901B = {
						CreatedOnToolsVersion = 14.3.1;
						TestTargetID = B0948C302F943F4E00BF901B;
					};
					B0948C4A2F943F5200BF901B = {
						CreatedOnToolsVersion = 14.3.1;
						TestTargetID = B0948C302F943F4E00BF901B;
					};
				};
			};
			buildConfigurationList = B0948C2C2F943F4E00BF901B /* Build configuration list for PBXProject "Run Planner" */;
			compatibilityVersion = "Xcode 14.0";
			developmentRegion = en;
			hasScannedForEncodings = 0;
			knownRegions = (
				en,
				Base,
			);
			mainGroup = B0948C282F943F4E00BF901B;
			productRefGroup = B0948C322F943F4E00BF901B /* Products */;
			projectDirPath = "";
			projectRoot = "";
			targets = (
				B0948C302F943F4E00BF901B /* Run Planner */,
				B0948C402F943F5200BF901B /* Run PlannerTests */,
				B0948C4A2F943F5200BF901B /* Run PlannerUITests */,
			);
		};
/* End PBXProject section */

/* Begin PBXResourcesBuildPhase section */
		B0948C2F2F943F4E00BF901B /* Resources */ = {
			isa = PBXResourcesBuildPhase;
			buildActionMask = 2147483647;
			files = (
				B0948C3C2F943F5100BF901B /* Preview Assets.xcassets in Resources */,
				B0948C392F943F5100BF901B /* Assets.xcassets in Resources */,
			);
			runOnlyForDeploymentPostprocessing = 0;
		};
		B0948C3F2F943F5200BF901B /* Resources */ = {
			isa = PBXResourcesBuildPhase;
			buildActionMask = 2147483647;
			files = (
			);
			runOnlyForDeploymentPostprocessing = 0;
		};
		B0948C492F943F5200BF901B /* Resources */ = {
			isa = PBXResourcesBuildPhase;
			buildActionMask = 2147483647;
			files = (
			);
			runOnlyForDeploymentPostprocessing = 0;
		};
/* End PBXResourcesBuildPhase section */

/* Begin PBXSourcesBuildPhase section */
		B0948C2D2F943F4E00BF901B /* Sources */ = {
			isa = PBXSourcesBuildPhase;
			buildActionMask = 2147483647;
			files = (
				B0948C372F943F4E00BF901B /* ContentView.swift in Sources */,
			);
			runOnlyForDeploymentPostprocessing = 0;
		};
		B0948C3D2F943F5200BF901B /* Sources */ = {
			isa = PBXSourcesBuildPhase;
			buildActionMask = 2147483647;
			files = (
				B0948C462F943F5200BF901B /* Run_PlannerTests.swift in Sources */,
			);
			runOnlyForDeploymentPostprocessing = 0;
		};
		B0948C472F943F5200BF901B /* Sources */ = {
			isa = PBXSourcesBuildPhase;
			buildActionMask = 2147483647;
			files = (
				B0948C502F943F5200BF901B /* Run_PlannerUITests.swift in Sources */,
				B0948C522F943F5200BF901B /* Run_PlannerUITestsLaunchTests.swift in Sources */,
			);
			runOnlyForDeploymentPostprocessing = 0;
		};
/* End PBXSourcesBuildPhase section */

/* Begin PBXTargetDependency section */
		B0948C432F943F5200BF901B /* PBXTargetDependency */ = {
			isa = PBXTargetDependency;
			target = B0948C302F943F4E00BF901B /* Run Planner */;
			targetProxy = B0948C422F943F5200BF901B /* PBXContainerItemProxy */;
		};
		B0948C4D2F943F5200BF901B /* PBXTargetDependency */ = {
			isa = PBXTargetDependency;
			target = B0948C302F943F4E00BF901B /* Run Planner */;
			targetProxy = B0948C4C2F943F5200BF901B /* PBXContainerItemProxy */;
		};
/* End PBXTargetDependency section */

/* Begin XCBuildConfiguration section */
		B0948C532F943F5200BF901B /* Debug */ = {
			isa = XCBuildConfiguration;
			buildSettings = {
				ALWAYS_SEARCH_USER_PATHS = NO;
				CLANG_ANALYZER_NONNULL = YES;
				CLANG_ANALYZER_NUMBER_OBJECT_CONVERSION = YES_AGGRESSIVE;
				CLANG_CXX_LANGUAGE_STANDARD = "gnu++20";
				CLANG_ENABLE_MODULES = YES;
				CLANG_ENABLE_OBJC_ARC = YES;
				CLANG_ENABLE_OBJC_WEAK = YES;
				CLANG_WARN_BLOCK_CAPTURE_AUTORELEASING = YES;
				CLANG_WARN_BOOL_CONVERSION = YES;
				CLANG_WARN_COMMA = YES;
				CLANG_WARN_CONSTANT_CONVERSION = YES;
				CLANG_WARN_DEPRECATED_OBJC_IMPLEMENTATIONS = YES;
				CLANG_WARN_DIRECT_OBJC_ISA_USAGE = YES_ERROR;
				CLANG_WARN_DOCUMENTATION_COMMENTS = YES;
				CLANG_WARN_EMPTY_BODY = YES;
				CLANG_WARN_ENUM_CONVERSION = YES;
				CLANG_WARN_INFINITE_RECURSION = YES;
				CLANG_WARN_INT_CONVERSION = YES;
				CLANG_WARN_NON_LITERAL_NULL_CONVERSION = YES;
				CLANG_WARN_OBJC_IMPLICIT_RETAIN_SELF = YES;
				CLANG_WARN_OBJC_LITERAL_CONVERSION = YES;
				CLANG_WARN_OBJC_ROOT_CLASS = YES_ERROR;
				CLANG_WARN_QUOTED_INCLUDE_IN_FRAMEWORK_HEADER = YES;
				CLANG_WARN_RANGE_LOOP_ANALYSIS = YES;
				CLANG_WARN_STRICT_PROTOTYPES = YES;
				CLANG_WARN_SUSPICIOUS_MOVE = YES;
				CLANG_WARN_UNGUARDED_AVAILABILITY = YES_AGGRESSIVE;
				CLANG_WARN_UNREACHABLE_CODE = YES;
				CLANG_WARN__DUPLICATE_METHOD_MATCH = YES;
				COPY_PHASE_STRIP = NO;
				DEBUG_INFORMATION_FORMAT = dwarf;
				ENABLE_STRICT_OBJC_MSGSEND = YES;
				ENABLE_TESTABILITY = YES;
				GCC_C_LANGUAGE_STANDARD = gnu11;
				GCC_DYNAMIC_NO_PIC = NO;
				GCC_NO_COMMON_BLOCKS = YES;
				GCC_OPTIMIZATION_LEVEL = 0;
				GCC_PREPROCESSOR_DEFINITIONS = (
					"DEBUG=1",
					"$(inherited)",
				);
				GCC_WARN_64_TO_32_BIT_CONVERSION = YES;
				GCC_WARN_ABOUT_RETURN_TYPE = YES_ERROR;
				GCC_WARN_UNDECLARED_SELECTOR = YES;
				GCC_WARN_UNINITIALIZED_AUTOS = YES_AGGRESSIVE;
				GCC_WARN_UNUSED_FUNCTION = YES;
				GCC_WARN_UNUSED_VARIABLE = YES;
				IPHONEOS_DEPLOYMENT_TARGET = 16.4;
				MTL_ENABLE_DEBUG_INFO = INCLUDE_SOURCE;
				MTL_FAST_MATH = YES;
				ONLY_ACTIVE_ARCH = YES;
				SDKROOT = iphoneos;
				SWIFT_ACTIVE_COMPILATION_CONDITIONS = DEBUG;
				SWIFT_OPTIMIZATION_LEVEL = "-Onone";
			};
			name = Debug;
		};
		B0948C542F943F5200BF901B /* Release */ = {
			isa = XCBuildConfiguration;
			buildSettings = {
				ALWAYS_SEARCH_USER_PATHS = NO;
				CLANG_ANALYZER_NONNULL = YES;
				CLANG_ANALYZER_NUMBER_OBJECT_CONVERSION = YES_AGGRESSIVE;
				CLANG_CXX_LANGUAGE_STANDARD = "gnu++20";
				CLANG_ENABLE_MODULES = YES;
				CLANG_ENABLE_OBJC_ARC = YES;
				CLANG_ENABLE_OBJC_WEAK = YES;
				CLANG_WARN_BLOCK_CAPTURE_AUTORELEASING = YES;
				CLANG_WARN_BOOL_CONVERSION = YES;
				CLANG_WARN_COMMA = YES;
				CLANG_WARN_CONSTANT_CONVERSION = YES;
				CLANG_WARN_DEPRECATED_OBJC_IMPLEMENTATIONS = YES;
				CLANG_WARN_DIRECT_OBJC_ISA_USAGE = YES_ERROR;
				CLANG_WARN_DOCUMENTATION_COMMENTS = YES;
				CLANG_WARN_EMPTY_BODY = YES;
				CLANG_WARN_ENUM_CONVERSION = YES;
				CLANG_WARN_INFINITE_RECURSION = YES;
				CLANG_WARN_INT_CONVERSION = YES;
				CLANG_WARN_NON_LITERAL_NULL_CONVERSION = YES;
				CLANG_WARN_OBJC_IMPLICIT_RETAIN_SELF = YES;
				CLANG_WARN_OBJC_LITERAL_CONVERSION = YES;
				CLANG_WARN_OBJC_ROOT_CLASS = YES_ERROR;
				CLANG_WARN_QUOTED_INCLUDE_IN_FRAMEWORK_HEADER = YES;
				CLANG_WARN_RANGE_LOOP_ANALYSIS = YES;
				CLANG_WARN_STRICT_PROTOTYPES = YES;
				CLANG_WARN_SUSPICIOUS_MOVE = YES;
				CLANG_WARN_UNGUARDED_AVAILABILITY = YES_AGGRESSIVE;
				CLANG_WARN_UNREACHABLE_CODE = YES;
				CLANG_WARN__DUPLICATE_METHOD_MATCH = YES;
				COPY_PHASE_STRIP = NO;
				DEBUG_INFORMATION_FORMAT = "dwarf-with-dsym";
				ENABLE_NS_ASSERTIONS = NO;
				ENABLE_STRICT_OBJC_MSGSEND = YES;
				GCC_C_LANGUAGE_STANDARD = gnu11;
				GCC_NO_COMMON_BLOCKS = YES;
				GCC_WARN_64_TO_32_BIT_CONVERSION = YES;
				GCC_WARN_ABOUT_RETURN_TYPE = YES_ERROR;
				GCC_WARN_UNDECLARED_SELECTOR = YES;
				GCC_WARN_UNINITIALIZED_AUTOS = YES_AGGRESSIVE;
				GCC_WARN_UNUSED_FUNCTION = YES;
				GCC_WARN_UNUSED_VARIABLE = YES;
				IPHONEOS_DEPLOYMENT_TARGET = 16.4;
				MTL_ENABLE_DEBUG_INFO = NO;
				MTL_FAST_MATH = YES;
				SDKROOT = iphoneos;
				SWIFT_COMPILATION_MODE = wholemodule;
				SWIFT_OPTIMIZATION_LEVEL = "-O";
				VALIDATE_PRODUCT = YES;
			};
			name = Release;
		};
		B0948C562F943F5200BF901B /* Debug */ = {
			isa = XCBuildConfiguration;
			buildSettings = {
				ASSETCATALOG_COMPILER_APPICON_NAME = AppIcon;
				ASSETCATALOG_COMPILER_GLOBAL_ACCENT_COLOR_NAME = AccentColor;
				CODE_SIGN_STYLE = Automatic;
				CURRENT_PROJECT_VERSION = 1;
				DEVELOPMENT_ASSET_PATHS = "\"Run Planner/Preview Content\"";
				ENABLE_PREVIEWS = YES;
				GENERATE_INFOPLIST_FILE = YES;
				INFOPLIST_KEY_UIApplicationSceneManifest_Generation = YES;
				INFOPLIST_KEY_UIApplicationSupportsIndirectInputEvents = YES;
				INFOPLIST_KEY_UILaunchScreen_Generation = YES;
				INFOPLIST_KEY_UISupportedInterfaceOrientations_iPad = "UIInterfaceOrientationPortrait UIInterfaceOrientationPortraitUpsideDown UIInterfaceOrientationLandscapeLeft UIInterfaceOrientationLandscapeRight";
				INFOPLIST_KEY_UISupportedInterfaceOrientations_iPhone = "UIInterfaceOrientationPortrait UIInterfaceOrientationLandscapeLeft UIInterfaceOrientationLandscapeRight";
				LD_RUNPATH_SEARCH_PATHS = (
					"$(inherited)",
					"@executable_path/Frameworks",
				);
				MARKETING_VERSION = 1.0;
				PRODUCT_BUNDLE_IDENTIFIER = "RunPlanner.Run-Planner";
				PRODUCT_NAME = "$(TARGET_NAME)";
				SWIFT_EMIT_LOC_STRINGS = YES;
				SWIFT_VERSION = 5.0;
				TARGETED_DEVICE_FAMILY = "1,2";
			};
			name = Debug;
		};
		B0948C572F943F5200BF901B /* Release */ = {
			isa = XCBuildConfiguration;
			buildSettings = {
				ASSETCATALOG_COMPILER_APPICON_NAME = AppIcon;
				ASSETCATALOG_COMPILER_GLOBAL_ACCENT_COLOR_NAME = AccentColor;
				CODE_SIGN_STYLE = Automatic;
				CURRENT_PROJECT_VERSION = 1;
				DEVELOPMENT_ASSET_PATHS = "\"Run Planner/Preview Content\"";
				ENABLE_PREVIEWS = YES;
				GENERATE_INFOPLIST_FILE = YES;
				INFOPLIST_KEY_UIApplicationSceneManifest_Generation = YES;
				INFOPLIST_KEY_UIApplicationSupportsIndirectInputEvents = YES;
				INFOPLIST_KEY_UILaunchScreen_Generation = YES;
				INFOPLIST_KEY_UISupportedInterfaceOrientations_iPad = "UIInterfaceOrientationPortrait UIInterfaceOrientationPortraitUpsideDown UIInterfaceOrientationLandscapeLeft UIInterfaceOrientationLandscapeRight";
				INFOPLIST_KEY_UISupportedInterfaceOrientations_iPhone = "UIInterfaceOrientationPortrait UIInterfaceOrientationLandscapeLeft UIInterfaceOrientationLandscapeRight";
				LD_RUNPATH_SEARCH_PATHS = (
					"$(inherited)",
					"@executable_path/Frameworks",
				);
				MARKETING_VERSION = 1.0;
				PRODUCT_BUNDLE_IDENTIFIER = "RunPlanner.Run-Planner";
				PRODUCT_NAME = "$(TARGET_NAME)";
				SWIFT_EMIT_LOC_STRINGS = YES;
				SWIFT_VERSION = 5.0;
				TARGETED_DEVICE_FAMILY = "1,2";
			};
			name = Release;
		};
		B0948C592F943F5200BF901B /* Debug */ = {
			isa = XCBuildConfiguration;
			buildSettings = {
				ALWAYS_EMBED_SWIFT_STANDARD_LIBRARIES = YES;
				BUNDLE_LOADER = "$(TEST_HOST)";
				CODE_SIGN_STYLE = Automatic;
				CURRENT_PROJECT_VERSION = 1;
				GENERATE_INFOPLIST_FILE = YES;
				IPHONEOS_DEPLOYMENT_TARGET = 16.4;
				MARKETING_VERSION = 1.0;
				PRODUCT_BUNDLE_IDENTIFIER = "RunPlanner.Run-PlannerTests";
				PRODUCT_NAME = "$(TARGET_NAME)";
				SWIFT_EMIT_LOC_STRINGS = NO;
				SWIFT_VERSION = 5.0;
				TARGETED_DEVICE_FAMILY = "1,2";
				TEST_HOST = "$(BUILT_PRODUCTS_DIR)/Run Planner.app/$(BUNDLE_EXECUTABLE_FOLDER_PATH)/Run Planner";
			};
			name = Debug;
		};
		B0948C5A2F943F5200BF901B /* Release */ = {
			isa = XCBuildConfiguration;
			buildSettings = {
				ALWAYS_EMBED_SWIFT_STANDARD_LIBRARIES = YES;
				BUNDLE_LOADER = "$(TEST_HOST)";
				CODE_SIGN_STYLE = Automatic;
				CURRENT_PROJECT_VERSION = 1;
				GENERATE_INFOPLIST_FILE = YES;
				IPHONEOS_DEPLOYMENT_TARGET = 16.4;
				MARKETING_VERSION = 1.0;
				PRODUCT_BUNDLE_IDENTIFIER = "RunPlanner.Run-PlannerTests";
				PRODUCT_NAME = "$(TARGET_NAME)";
				SWIFT_EMIT_LOC_STRINGS = NO;
				SWIFT_VERSION = 5.0;
				TARGETED_DEVICE_FAMILY = "1,2";
				TEST_HOST = "$(BUILT_PRODUCTS_DIR)/Run Planner.app/$(BUNDLE_EXECUTABLE_FOLDER_PATH)/Run Planner";
			};
			name = Release;
		};
		B0948C5C2F943F5200BF901B /* Debug */ = {
			isa = XCBuildConfiguration;
			buildSettings = {
				ALWAYS_EMBED_SWIFT_STANDARD_LIBRARIES = YES;
				CODE_SIGN_STYLE = Automatic;
				CURRENT_PROJECT_VERSION = 1;
				GENERATE_INFOPLIST_FILE = YES;
				MARKETING_VERSION = 1.0;
				PRODUCT_BUNDLE_IDENTIFIER = "RunPlanner.Run-PlannerUITests";
				PRODUCT_NAME = "$(TARGET_NAME)";
				SWIFT_EMIT_LOC_STRINGS = NO;
				SWIFT_VERSION = 5.0;
				TARGETED_DEVICE_FAMILY = "1,2";
				TEST_TARGET_NAME = "Run Planner";
			};
			name = Debug;
		};
		B0948C5D2F943F5200BF901B /* Release */ = {
			isa = XCBuildConfiguration;
			buildSettings = {
				ALWAYS_EMBED_SWIFT_STANDARD_LIBRARIES = YES;
				CODE_SIGN_STYLE = Automatic;
				CURRENT_PROJECT_VERSION = 1;
				GENERATE_INFOPLIST_FILE = YES;
				MARKETING_VERSION = 1.0;
				PRODUCT_BUNDLE_IDENTIFIER = "RunPlanner.Run-PlannerUITests";
				PRODUCT_NAME = "$(TARGET_NAME)";
				SWIFT_EMIT_LOC_STRINGS = NO;
				SWIFT_VERSION = 5.0;
				TARGETED_DEVICE_FAMILY = "1,2";
				TEST_TARGET_NAME = "Run Planner";
			};
			name = Release;
		};
/* End XCBuildConfiguration section */

/* Begin XCConfigurationList section */
		B0948C2C2F943F4E00BF901B /* Build configuration list for PBXProject "Run Planner" */ = {
			isa = XCConfigurationList;
			buildConfigurations = (
				B0948C532F943F5200BF901B /* Debug */,
				B0948C542F943F5200BF901B /* Release */,
			);
			defaultConfigurationIsVisible = 0;
			defaultConfigurationName = Release;
		};
		B0948C552F943F5200BF901B /* Build configuration list for PBXNativeTarget "Run Planner" */ = {
			isa = XCConfigurationList;
			buildConfigurations = (
				B0948C562F943F5200BF901B /* Debug */,
				B0948C572F943F5200BF901B /* Release */,
			);
			defaultConfigurationIsVisible = 0;
			defaultConfigurationName = Release;
		};
		B0948C582F943F5200BF901B /* Build configuration list for PBXNativeTarget "Run PlannerTests" */ = {
			isa = XCConfigurationList;
			buildConfigurations = (
				B0948C592F943F5200BF901B /* Debug */,
				B0948C5A2F943F5200BF901B /* Release */,
			);
			defaultConfigurationIsVisible = 0;
			defaultConfigurationName = Release;
		};
		B0948C5B2F943F5200BF901B /* Build configuration list for PBXNativeTarget "Run PlannerUITests" */ = {
			isa = XCConfigurationList;
			buildConfigurations = (
				B0948C5C2F943F5200BF901B /* Debug */,
				B0948C5D2F943F5200BF901B /* Release */,
			);
			defaultConfigurationIsVisible = 0;
			defaultConfigurationName = Release;
		};
/* End XCConfigurationList section */
	};
	rootObject = B0948C292F943F4E00BF901B /* Project object */;
}
